<?xml version="1.0" encoding="UTF-8"?>
<!DOCTYPE plist PUBLIC "-//Apple//DTD PLIST 1.0//EN" "http://www.apple.com/DTDs/PropertyList-1.0.dtd">
<plist version="1.0">
<dict>
	<key>archiveVersion</key>
	<string>1</string>
	<key>classes</key>
	<dict/>
	<key>objectVersion</key>
	<string>46</string>
	<key>objects</key>
	<dict>
		<key>3F273C5800076635CD16B95B</key>
		<dict>
			<key>includeInIndex</key>
			<string>1</string>
			<key>isa</key>
			<string>PBXFileReference</string>
			<key>lastKnownFileType</key>
			<string>text.xcconfig</string>
			<key>name</key>
			<string>Pods.release.xcconfig</string>
			<key>path</key>
			<string>Pods/Target Support Files/Pods/Pods.release.xcconfig</string>
			<key>sourceTree</key>
			<string>&lt;group&gt;</string>
		</dict>
		<key>442F14CA1CC8C96D004CE917</key>
		<dict>
			<key>children</key>
			<array>
				<string>442F14CB1CC8C986004CE917</string>
			</array>
			<key>isa</key>
			<string>PBXGroup</string>
			<key>name</key>
			<string>SupportDoc</string>
			<key>sourceTree</key>
			<string>&lt;group&gt;</string>
		</dict>
		<key>442F14CB1CC8C986004CE917</key>
		<dict>
			<key>children</key>
			<array>
				<string>9E15C6981CECC3F1001D6482</string>
				<string>9E15C6971CECC3E5001D6482</string>
				<string>44BC629C1CEC5E8A004F1913</string>
				<string>44BC625B1CEC5D35004F1913</string>
				<string>442F14CF1CC8CDF1004CE917</string>
				<string>442F14CC1CC8C9BA004CE917</string>
			</array>
			<key>isa</key>
			<string>PBXGroup</string>
			<key>name</key>
			<string>&#20844;&#20849;</string>
			<key>sourceTree</key>
			<string>&lt;group&gt;</string>
		</dict>
		<key>442F14CC1CC8C9BA004CE917</key>
		<dict>
			<key>children</key>
			<array>
				<string>44BC629D1CEC6A2D004F1913</string>
				<string>442F14CD1CC8C9D3004CE917</string>
			</array>
			<key>isa</key>
			<string>PBXGroup</string>
			<key>name</key>
			<string>&#20844;&#20849;&#37197;&#32622;</string>
			<key>sourceTree</key>
			<string>&lt;group&gt;</string>
		</dict>
		<key>442F14CD1CC8C9D3004CE917</key>
		<dict>
			<key>fileEncoding</key>
			<string>4</string>
			<key>isa</key>
			<string>PBXFileReference</string>
			<key>lastKnownFileType</key>
			<string>sourcecode.swift</string>
			<key>path</key>
			<string>config.swift</string>
			<key>sourceTree</key>
			<string>&lt;group&gt;</string>
		</dict>
		<key>442F14CE1CC8C9D3004CE917</key>
		<dict>
			<key>fileRef</key>
			<string>442F14CD1CC8C9D3004CE917</string>
			<key>isa</key>
			<string>PBXBuildFile</string>
		</dict>
		<key>442F14CF1CC8CDF1004CE917</key>
		<dict>
			<key>children</key>
			<array>
				<string>442F14D11CC8CE06004CE917</string>
				<string>442F14D21CC8CE06004CE917</string>
			</array>
			<key>isa</key>
			<string>PBXGroup</string>
			<key>name</key>
			<string>CateGory</string>
			<key>sourceTree</key>
			<string>&lt;group&gt;</string>
		</dict>
		<key>442F14D11CC8CE06004CE917</key>
		<dict>
			<key>fileEncoding</key>
			<string>4</string>
			<key>isa</key>
			<string>PBXFileReference</string>
			<key>lastKnownFileType</key>
			<string>sourcecode.c.h</string>
			<key>path</key>
			<string>UIColor+Hex.h</string>
			<key>sourceTree</key>
			<string>&lt;group&gt;</string>
		</dict>
		<key>442F14D21CC8CE06004CE917</key>
		<dict>
			<key>fileEncoding</key>
			<string>4</string>
			<key>isa</key>
			<string>PBXFileReference</string>
			<key>lastKnownFileType</key>
			<string>sourcecode.c.objc</string>
			<key>path</key>
			<string>UIColor+Hex.m</string>
			<key>sourceTree</key>
			<string>&lt;group&gt;</string>
		</dict>
		<key>442F14D31CC8CE06004CE917</key>
		<dict>
			<key>fileRef</key>
			<string>442F14D21CC8CE06004CE917</string>
			<key>isa</key>
			<string>PBXBuildFile</string>
		</dict>
		<key>4455832E1CEC585E007F98E3</key>
		<dict>
			<key>children</key>
			<array>
				<string>4455832F1CEC5885007F98E3</string>
			</array>
			<key>isa</key>
			<string>PBXGroup</string>
			<key>name</key>
			<string>VIew</string>
			<key>sourceTree</key>
			<string>&lt;group&gt;</string>
		</dict>
		<key>4455832F1CEC5885007F98E3</key>
		<dict>
			<key>fileEncoding</key>
			<string>4</string>
			<key>isa</key>
			<string>PBXFileReference</string>
			<key>lastKnownFileType</key>
			<string>sourcecode.swift</string>
			<key>path</key>
			<string>BannerView.swift</string>
			<key>sourceTree</key>
			<string>&lt;group&gt;</string>
		</dict>
		<key>445583301CEC5885007F98E3</key>
		<dict>
			<key>fileRef</key>
			<string>4455832F1CEC5885007F98E3</string>
			<key>isa</key>
			<string>PBXBuildFile</string>
		</dict>
		<key>445583311CEC5915007F98E3</key>
		<dict>
			<key>children</key>
			<array>
				<string>445583321CEC5986007F98E3</string>
			</array>
			<key>isa</key>
			<string>PBXGroup</string>
			<key>name</key>
			<string>Model</string>
			<key>sourceTree</key>
			<string>&lt;group&gt;</string>
		</dict>
		<key>445583321CEC5986007F98E3</key>
		<dict>
			<key>fileEncoding</key>
			<string>4</string>
			<key>isa</key>
			<string>PBXFileReference</string>
			<key>lastKnownFileType</key>
			<string>sourcecode.swift</string>
			<key>path</key>
			<string>ProductRecommend.swift</string>
			<key>sourceTree</key>
			<string>&lt;group&gt;</string>
		</dict>
		<key>445583331CEC5986007F98E3</key>
		<dict>
			<key>fileRef</key>
			<string>445583321CEC5986007F98E3</string>
			<key>isa</key>
			<string>PBXBuildFile</string>
		</dict>
		<key>44BC625B1CEC5D35004F1913</key>
		<dict>
			<key>children</key>
			<array>
				<string>44BC62711CEC5D96004F1913</string>
				<string>44BC62721CEC5D96004F1913</string>
				<string>44BC62731CEC5D96004F1913</string>
				<string>44BC62741CEC5D96004F1913</string>
				<string>44BC62751CEC5D96004F1913</string>
				<string>44BC62761CEC5D96004F1913</string>
				<string>44BC62771CEC5D96004F1913</string>
				<string>44BC62781CEC5D96004F1913</string>
				<string>44BC62791CEC5D96004F1913</string>
				<string>44BC627A1CEC5D96004F1913</string>
				<string>44BC627B1CEC5D96004F1913</string>
				<string>44BC627C1CEC5D96004F1913</string>
				<string>44BC627D1CEC5D96004F1913</string>
				<string>44BC627E1CEC5D96004F1913</string>
				<string>44BC627F1CEC5D96004F1913</string>
				<string>44BC62801CEC5D96004F1913</string>
				<string>44BC62811CEC5D96004F1913</string>
				<string>44BC62821CEC5D96004F1913</string>
				<string>44BC62831CEC5D96004F1913</string>
				<string>44BC62841CEC5D96004F1913</string>
				<string>44BC62851CEC5D96004F1913</string>
				<string>44BC62861CEC5D96004F1913</string>
				<string>44BC62871CEC5D96004F1913</string>
				<string>44BC62881CEC5D96004F1913</string>
				<string>44BC62891CEC5D96004F1913</string>
				<string>44BC628A1CEC5D96004F1913</string>
				<string>44BC628B1CEC5D96004F1913</string>
				<string>44BC628C1CEC5D96004F1913</string>
				<string>44BC628D1CEC5D96004F1913</string>
			</array>
			<key>isa</key>
			<string>PBXGroup</string>
			<key>name</key>
			<string>SDWebImage</string>
			<key>sourceTree</key>
			<string>&lt;group&gt;</string>
		</dict>
		<key>44BC62711CEC5D96004F1913</key>
		<dict>
			<key>fileEncoding</key>
			<string>4</string>
			<key>isa</key>
			<string>PBXFileReference</string>
			<key>lastKnownFileType</key>
			<string>sourcecode.c.h</string>
			<key>name</key>
			<string>NSData+ImageContentType.h</string>
			<key>path</key>
			<string>SDWebImage/NSData+ImageContentType.h</string>
			<key>sourceTree</key>
			<string>&lt;group&gt;</string>
		</dict>
		<key>44BC62721CEC5D96004F1913</key>
		<dict>
			<key>fileEncoding</key>
			<string>4</string>
			<key>isa</key>
			<string>PBXFileReference</string>
			<key>lastKnownFileType</key>
			<string>sourcecode.c.objc</string>
			<key>name</key>
			<string>NSData+ImageContentType.m</string>
			<key>path</key>
			<string>SDWebImage/NSData+ImageContentType.m</string>
			<key>sourceTree</key>
			<string>&lt;group&gt;</string>
		</dict>
		<key>44BC62731CEC5D96004F1913</key>
		<dict>
			<key>fileEncoding</key>
			<string>4</string>
			<key>isa</key>
			<string>PBXFileReference</string>
			<key>lastKnownFileType</key>
			<string>sourcecode.c.h</string>
			<key>name</key>
			<string>SDImageCache.h</string>
			<key>path</key>
			<string>SDWebImage/SDImageCache.h</string>
			<key>sourceTree</key>
			<string>&lt;group&gt;</string>
		</dict>
		<key>44BC62741CEC5D96004F1913</key>
		<dict>
			<key>fileEncoding</key>
			<string>4</string>
			<key>isa</key>
			<string>PBXFileReference</string>
			<key>lastKnownFileType</key>
			<string>sourcecode.c.objc</string>
			<key>name</key>
			<string>SDImageCache.m</string>
			<key>path</key>
			<string>SDWebImage/SDImageCache.m</string>
			<key>sourceTree</key>
			<string>&lt;group&gt;</string>
		</dict>
		<key>44BC62751CEC5D96004F1913</key>
		<dict>
			<key>fileEncoding</key>
			<string>4</string>
			<key>isa</key>
			<string>PBXFileReference</string>
			<key>lastKnownFileType</key>
			<string>sourcecode.c.h</string>
			<key>name</key>
			<string>SDWebImageCompat.h</string>
			<key>path</key>
			<string>SDWebImage/SDWebImageCompat.h</string>
			<key>sourceTree</key>
			<string>&lt;group&gt;</string>
		</dict>
		<key>44BC62761CEC5D96004F1913</key>
		<dict>
			<key>fileEncoding</key>
			<string>4</string>
			<key>isa</key>
			<string>PBXFileReference</string>
			<key>lastKnownFileType</key>
			<string>sourcecode.c.objc</string>
			<key>name</key>
			<string>SDWebImageCompat.m</string>
			<key>path</key>
			<string>SDWebImage/SDWebImageCompat.m</string>
			<key>sourceTree</key>
			<string>&lt;group&gt;</string>
		</dict>
		<key>44BC62771CEC5D96004F1913</key>
		<dict>
			<key>fileEncoding</key>
			<string>4</string>
			<key>isa</key>
			<string>PBXFileReference</string>
			<key>lastKnownFileType</key>
			<string>sourcecode.c.h</string>
			<key>name</key>
			<string>SDWebImageDecoder.h</string>
			<key>path</key>
			<string>SDWebImage/SDWebImageDecoder.h</string>
			<key>sourceTree</key>
			<string>&lt;group&gt;</string>
		</dict>
		<key>44BC62781CEC5D96004F1913</key>
		<dict>
			<key>fileEncoding</key>
			<string>4</string>
			<key>isa</key>
			<string>PBXFileReference</string>
			<key>lastKnownFileType</key>
			<string>sourcecode.c.objc</string>
			<key>name</key>
			<string>SDWebImageDecoder.m</string>
			<key>path</key>
			<string>SDWebImage/SDWebImageDecoder.m</string>
			<key>sourceTree</key>
			<string>&lt;group&gt;</string>
		</dict>
		<key>44BC62791CEC5D96004F1913</key>
		<dict>
			<key>fileEncoding</key>
			<string>4</string>
			<key>isa</key>
			<string>PBXFileReference</string>
			<key>lastKnownFileType</key>
			<string>sourcecode.c.h</string>
			<key>name</key>
			<string>SDWebImageDownloader.h</string>
			<key>path</key>
			<string>SDWebImage/SDWebImageDownloader.h</string>
			<key>sourceTree</key>
			<string>&lt;group&gt;</string>
		</dict>
		<key>44BC627A1CEC5D96004F1913</key>
		<dict>
			<key>fileEncoding</key>
			<string>4</string>
			<key>isa</key>
			<string>PBXFileReference</string>
			<key>lastKnownFileType</key>
			<string>sourcecode.c.objc</string>
			<key>name</key>
			<string>SDWebImageDownloader.m</string>
			<key>path</key>
			<string>SDWebImage/SDWebImageDownloader.m</string>
			<key>sourceTree</key>
			<string>&lt;group&gt;</string>
		</dict>
		<key>44BC627B1CEC5D96004F1913</key>
		<dict>
			<key>fileEncoding</key>
			<string>4</string>
			<key>isa</key>
			<string>PBXFileReference</string>
			<key>lastKnownFileType</key>
			<string>sourcecode.c.h</string>
			<key>name</key>
			<string>SDWebImageDownloaderOperation.h</string>
			<key>path</key>
			<string>SDWebImage/SDWebImageDownloaderOperation.h</string>
			<key>sourceTree</key>
			<string>&lt;group&gt;</string>
		</dict>
		<key>44BC627C1CEC5D96004F1913</key>
		<dict>
			<key>fileEncoding</key>
			<string>4</string>
			<key>isa</key>
			<string>PBXFileReference</string>
			<key>lastKnownFileType</key>
			<string>sourcecode.c.objc</string>
			<key>name</key>
			<string>SDWebImageDownloaderOperation.m</string>
			<key>path</key>
			<string>SDWebImage/SDWebImageDownloaderOperation.m</string>
			<key>sourceTree</key>
			<string>&lt;group&gt;</string>
		</dict>
		<key>44BC627D1CEC5D96004F1913</key>
		<dict>
			<key>fileEncoding</key>
			<string>4</string>
			<key>isa</key>
			<string>PBXFileReference</string>
			<key>lastKnownFileType</key>
			<string>sourcecode.c.h</string>
			<key>name</key>
			<string>SDWebImageManager.h</string>
			<key>path</key>
			<string>SDWebImage/SDWebImageManager.h</string>
			<key>sourceTree</key>
			<string>&lt;group&gt;</string>
		</dict>
		<key>44BC627E1CEC5D96004F1913</key>
		<dict>
			<key>fileEncoding</key>
			<string>4</string>
			<key>isa</key>
			<string>PBXFileReference</string>
			<key>lastKnownFileType</key>
			<string>sourcecode.c.objc</string>
			<key>name</key>
			<string>SDWebImageManager.m</string>
			<key>path</key>
			<string>SDWebImage/SDWebImageManager.m</string>
			<key>sourceTree</key>
			<string>&lt;group&gt;</string>
		</dict>
		<key>44BC627F1CEC5D96004F1913</key>
		<dict>
			<key>fileEncoding</key>
			<string>4</string>
			<key>isa</key>
			<string>PBXFileReference</string>
			<key>lastKnownFileType</key>
			<string>sourcecode.c.h</string>
			<key>name</key>
			<string>SDWebImageOperation.h</string>
			<key>path</key>
			<string>SDWebImage/SDWebImageOperation.h</string>
			<key>sourceTree</key>
			<string>&lt;group&gt;</string>
		</dict>
		<key>44BC62801CEC5D96004F1913</key>
		<dict>
			<key>fileEncoding</key>
			<string>4</string>
			<key>isa</key>
			<string>PBXFileReference</string>
			<key>lastKnownFileType</key>
			<string>sourcecode.c.h</string>
			<key>name</key>
			<string>SDWebImagePrefetcher.h</string>
			<key>path</key>
			<string>SDWebImage/SDWebImagePrefetcher.h</string>
			<key>sourceTree</key>
			<string>&lt;group&gt;</string>
		</dict>
		<key>44BC62811CEC5D96004F1913</key>
		<dict>
			<key>fileEncoding</key>
			<string>4</string>
			<key>isa</key>
			<string>PBXFileReference</string>
			<key>lastKnownFileType</key>
			<string>sourcecode.c.objc</string>
			<key>name</key>
			<string>SDWebImagePrefetcher.m</string>
			<key>path</key>
			<string>SDWebImage/SDWebImagePrefetcher.m</string>
			<key>sourceTree</key>
			<string>&lt;group&gt;</string>
		</dict>
		<key>44BC62821CEC5D96004F1913</key>
		<dict>
			<key>fileEncoding</key>
			<string>4</string>
			<key>isa</key>
			<string>PBXFileReference</string>
			<key>lastKnownFileType</key>
			<string>sourcecode.c.h</string>
			<key>name</key>
			<string>UIButton+WebCache.h</string>
			<key>path</key>
			<string>SDWebImage/UIButton+WebCache.h</string>
			<key>sourceTree</key>
			<string>&lt;group&gt;</string>
		</dict>
		<key>44BC62831CEC5D96004F1913</key>
		<dict>
			<key>fileEncoding</key>
			<string>4</string>
			<key>isa</key>
			<string>PBXFileReference</string>
			<key>lastKnownFileType</key>
			<string>sourcecode.c.objc</string>
			<key>name</key>
			<string>UIButton+WebCache.m</string>
			<key>path</key>
			<string>SDWebImage/UIButton+WebCache.m</string>
			<key>sourceTree</key>
			<string>&lt;group&gt;</string>
		</dict>
		<key>44BC62841CEC5D96004F1913</key>
		<dict>
			<key>fileEncoding</key>
			<string>4</string>
			<key>isa</key>
			<string>PBXFileReference</string>
			<key>lastKnownFileType</key>
			<string>sourcecode.c.h</string>
			<key>name</key>
			<string>UIImage+GIF.h</string>
			<key>path</key>
			<string>SDWebImage/UIImage+GIF.h</string>
			<key>sourceTree</key>
			<string>&lt;group&gt;</string>
		</dict>
		<key>44BC62851CEC5D96004F1913</key>
		<dict>
			<key>fileEncoding</key>
			<string>4</string>
			<key>isa</key>
			<string>PBXFileReference</string>
			<key>lastKnownFileType</key>
			<string>sourcecode.c.objc</string>
			<key>name</key>
			<string>UIImage+GIF.m</string>
			<key>path</key>
			<string>SDWebImage/UIImage+GIF.m</string>
			<key>sourceTree</key>
			<string>&lt;group&gt;</string>
		</dict>
		<key>44BC62861CEC5D96004F1913</key>
		<dict>
			<key>fileEncoding</key>
			<string>4</string>
			<key>isa</key>
			<string>PBXFileReference</string>
			<key>lastKnownFileType</key>
			<string>sourcecode.c.h</string>
			<key>name</key>
			<string>UIImage+MultiFormat.h</string>
			<key>path</key>
			<string>SDWebImage/UIImage+MultiFormat.h</string>
			<key>sourceTree</key>
			<string>&lt;group&gt;</string>
		</dict>
		<key>44BC62871CEC5D96004F1913</key>
		<dict>
			<key>fileEncoding</key>
			<string>4</string>
			<key>isa</key>
			<string>PBXFileReference</string>
			<key>lastKnownFileType</key>
			<string>sourcecode.c.objc</string>
			<key>name</key>
			<string>UIImage+MultiFormat.m</string>
			<key>path</key>
			<string>SDWebImage/UIImage+MultiFormat.m</string>
			<key>sourceTree</key>
			<string>&lt;group&gt;</string>
		</dict>
		<key>44BC62881CEC5D96004F1913</key>
		<dict>
			<key>fileEncoding</key>
			<string>4</string>
			<key>isa</key>
			<string>PBXFileReference</string>
			<key>lastKnownFileType</key>
			<string>sourcecode.c.h</string>
			<key>name</key>
			<string>UIImageView+HighlightedWebCache.h</string>
			<key>path</key>
			<string>SDWebImage/UIImageView+HighlightedWebCache.h</string>
			<key>sourceTree</key>
			<string>&lt;group&gt;</string>
		</dict>
		<key>44BC62891CEC5D96004F1913</key>
		<dict>
			<key>fileEncoding</key>
			<string>4</string>
			<key>isa</key>
			<string>PBXFileReference</string>
			<key>lastKnownFileType</key>
			<string>sourcecode.c.objc</string>
			<key>name</key>
			<string>UIImageView+HighlightedWebCache.m</string>
			<key>path</key>
			<string>SDWebImage/UIImageView+HighlightedWebCache.m</string>
			<key>sourceTree</key>
			<string>&lt;group&gt;</string>
		</dict>
		<key>44BC628A1CEC5D96004F1913</key>
		<dict>
			<key>fileEncoding</key>
			<string>4</string>
			<key>isa</key>
			<string>PBXFileReference</string>
			<key>lastKnownFileType</key>
			<string>sourcecode.c.h</string>
			<key>name</key>
			<string>UIImageView+WebCache.h</string>
			<key>path</key>
			<string>SDWebImage/UIImageView+WebCache.h</string>
			<key>sourceTree</key>
			<string>&lt;group&gt;</string>
		</dict>
		<key>44BC628B1CEC5D96004F1913</key>
		<dict>
			<key>fileEncoding</key>
			<string>4</string>
			<key>isa</key>
			<string>PBXFileReference</string>
			<key>lastKnownFileType</key>
			<string>sourcecode.c.objc</string>
			<key>name</key>
			<string>UIImageView+WebCache.m</string>
			<key>path</key>
			<string>SDWebImage/UIImageView+WebCache.m</string>
			<key>sourceTree</key>
			<string>&lt;group&gt;</string>
		</dict>
		<key>44BC628C1CEC5D96004F1913</key>
		<dict>
			<key>fileEncoding</key>
			<string>4</string>
			<key>isa</key>
			<string>PBXFileReference</string>
			<key>lastKnownFileType</key>
			<string>sourcecode.c.h</string>
			<key>name</key>
			<string>UIView+WebCacheOperation.h</string>
			<key>path</key>
			<string>SDWebImage/UIView+WebCacheOperation.h</string>
			<key>sourceTree</key>
			<string>&lt;group&gt;</string>
		</dict>
		<key>44BC628D1CEC5D96004F1913</key>
		<dict>
			<key>fileEncoding</key>
			<string>4</string>
			<key>isa</key>
			<string>PBXFileReference</string>
			<key>lastKnownFileType</key>
			<string>sourcecode.c.objc</string>
			<key>name</key>
			<string>UIView+WebCacheOperation.m</string>
			<key>path</key>
			<string>SDWebImage/UIView+WebCacheOperation.m</string>
			<key>sourceTree</key>
			<string>&lt;group&gt;</string>
		</dict>
		<key>44BC628E1CEC5D96004F1913</key>
		<dict>
			<key>fileRef</key>
			<string>44BC62721CEC5D96004F1913</string>
			<key>isa</key>
			<string>PBXBuildFile</string>
		</dict>
		<key>44BC628F1CEC5D96004F1913</key>
		<dict>
			<key>fileRef</key>
			<string>44BC62741CEC5D96004F1913</string>
			<key>isa</key>
			<string>PBXBuildFile</string>
		</dict>
		<key>44BC62901CEC5D96004F1913</key>
		<dict>
			<key>fileRef</key>
			<string>44BC62761CEC5D96004F1913</string>
			<key>isa</key>
			<string>PBXBuildFile</string>
		</dict>
		<key>44BC62911CEC5D96004F1913</key>
		<dict>
			<key>fileRef</key>
			<string>44BC62781CEC5D96004F1913</string>
			<key>isa</key>
			<string>PBXBuildFile</string>
		</dict>
		<key>44BC62921CEC5D96004F1913</key>
		<dict>
			<key>fileRef</key>
			<string>44BC627A1CEC5D96004F1913</string>
			<key>isa</key>
			<string>PBXBuildFile</string>
		</dict>
		<key>44BC62931CEC5D96004F1913</key>
		<dict>
			<key>fileRef</key>
			<string>44BC627C1CEC5D96004F1913</string>
			<key>isa</key>
			<string>PBXBuildFile</string>
		</dict>
		<key>44BC62941CEC5D96004F1913</key>
		<dict>
			<key>fileRef</key>
			<string>44BC627E1CEC5D96004F1913</string>
			<key>isa</key>
			<string>PBXBuildFile</string>
		</dict>
		<key>44BC62951CEC5D96004F1913</key>
		<dict>
			<key>fileRef</key>
			<string>44BC62811CEC5D96004F1913</string>
			<key>isa</key>
			<string>PBXBuildFile</string>
		</dict>
		<key>44BC62961CEC5D96004F1913</key>
		<dict>
			<key>fileRef</key>
			<string>44BC62831CEC5D96004F1913</string>
			<key>isa</key>
			<string>PBXBuildFile</string>
		</dict>
		<key>44BC62971CEC5D96004F1913</key>
		<dict>
			<key>fileRef</key>
			<string>44BC62851CEC5D96004F1913</string>
			<key>isa</key>
			<string>PBXBuildFile</string>
		</dict>
		<key>44BC62981CEC5D96004F1913</key>
		<dict>
			<key>fileRef</key>
			<string>44BC62871CEC5D96004F1913</string>
			<key>isa</key>
			<string>PBXBuildFile</string>
		</dict>
		<key>44BC62991CEC5D96004F1913</key>
		<dict>
			<key>fileRef</key>
			<string>44BC62891CEC5D96004F1913</string>
			<key>isa</key>
			<string>PBXBuildFile</string>
		</dict>
		<key>44BC629A1CEC5D96004F1913</key>
		<dict>
			<key>fileRef</key>
			<string>44BC628B1CEC5D96004F1913</string>
			<key>isa</key>
			<string>PBXBuildFile</string>
		</dict>
		<key>44BC629B1CEC5D96004F1913</key>
		<dict>
			<key>fileRef</key>
			<string>44BC628D1CEC5D96004F1913</string>
			<key>isa</key>
			<string>PBXBuildFile</string>
		</dict>
		<key>44BC629C1CEC5E8A004F1913</key>
		<dict>
			<key>fileEncoding</key>
			<string>4</string>
			<key>isa</key>
			<string>PBXFileReference</string>
			<key>lastKnownFileType</key>
			<string>sourcecode.c.h</string>
			<key>path</key>
			<string>playTogether-Bridging-Header.h</string>
			<key>sourceTree</key>
			<string>&lt;group&gt;</string>
		</dict>
		<key>44BC629D1CEC6A2D004F1913</key>
		<dict>
			<key>fileEncoding</key>
			<string>4</string>
			<key>isa</key>
			<string>PBXFileReference</string>
			<key>lastKnownFileType</key>
			<string>text</string>
			<key>path</key>
			<string>app_JSON</string>
			<key>sourceTree</key>
			<string>&lt;group&gt;</string>
		</dict>
		<key>44BC629E1CEC6A2D004F1913</key>
		<dict>
			<key>fileRef</key>
			<string>44BC629D1CEC6A2D004F1913</string>
			<key>isa</key>
			<string>PBXBuildFile</string>
		</dict>
		<key>44F61F111CE7011000850B6E</key>
		<dict>
			<key>fileEncoding</key>
			<string>4</string>
			<key>isa</key>
			<string>PBXFileReference</string>
			<key>lastKnownFileType</key>
			<string>sourcecode.swift</string>
			<key>path</key>
			<string>SegmentView.swift</string>
			<key>sourceTree</key>
			<string>&lt;group&gt;</string>
		</dict>
		<key>44F61F121CE7011000850B6E</key>
		<dict>
			<key>fileRef</key>
			<string>44F61F111CE7011000850B6E</string>
			<key>isa</key>
			<string>PBXBuildFile</string>
		</dict>
		<key>4F026FDCEBCD3A0245EF69E6</key>
		<dict>
			<key>buildActionMask</key>
			<string>2147483647</string>
			<key>files</key>
			<array/>
			<key>inputPaths</key>
			<array/>
			<key>isa</key>
			<string>PBXShellScriptBuildPhase</string>
			<key>name</key>
			<string>Embed Pods Frameworks</string>
			<key>outputPaths</key>
			<array/>
			<key>runOnlyForDeploymentPostprocessing</key>
			<string>0</string>
			<key>shellPath</key>
			<string>/bin/sh</string>
			<key>shellScript</key>
			<string>"${SRCROOT}/Pods/Target Support Files/Pods/Pods-frameworks.sh"
</string>
			<key>showEnvVarsInLog</key>
			<string>0</string>
		</dict>
		<key>5BFB93E5D221BDFD7C198BCD</key>
		<dict>
			<key>fileRef</key>
			<string>F9C514486838D2B33495046B</string>
			<key>isa</key>
			<string>PBXBuildFile</string>
		</dict>
		<key>7E2337CFC09DF30FC1A52BF3</key>
		<dict>
			<key>children</key>
			<array>
				<string>BC0C92639D45DEC1A03DF9AD</string>
				<string>3F273C5800076635CD16B95B</string>
			</array>
			<key>isa</key>
			<string>PBXGroup</string>
			<key>name</key>
			<string>Pods</string>
			<key>sourceTree</key>
			<string>&lt;group&gt;</string>
		</dict>
		<key>9E15C6971CECC3E5001D6482</key>
		<dict>
			<key>children</key>
			<array>
				<string>9E15C69B1CECC42A001D6482</string>
			</array>
			<key>isa</key>
			<string>PBXGroup</string>
			<key>name</key>
			<string>BaseViewController</string>
			<key>sourceTree</key>
			<string>&lt;group&gt;</string>
		</dict>
		<key>9E15C6981CECC3F1001D6482</key>
		<dict>
			<key>children</key>
			<array>
				<string>9E15C6991CECC41D001D6482</string>
			</array>
			<key>isa</key>
			<string>PBXGroup</string>
			<key>name</key>
			<string>BaseNavigationController</string>
			<key>sourceTree</key>
			<string>&lt;group&gt;</string>
		</dict>
		<key>9E15C6991CECC41D001D6482</key>
		<dict>
			<key>fileEncoding</key>
			<string>4</string>
			<key>isa</key>
			<string>PBXFileReference</string>
			<key>lastKnownFileType</key>
			<string>sourcecode.swift</string>
			<key>path</key>
			<string>BaseNavigationController.swift</string>
			<key>sourceTree</key>
			<string>&lt;group&gt;</string>
		</dict>
		<key>9E15C69A1CECC41D001D6482</key>
		<dict>
			<key>fileRef</key>
			<string>9E15C6991CECC41D001D6482</string>
			<key>isa</key>
			<string>PBXBuildFile</string>
		</dict>
		<key>9E15C69B1CECC42A001D6482</key>
		<dict>
			<key>fileEncoding</key>
			<string>4</string>
			<key>isa</key>
			<string>PBXFileReference</string>
			<key>lastKnownFileType</key>
			<string>sourcecode.swift</string>
			<key>path</key>
			<string>BaseViewController.swift</string>
			<key>sourceTree</key>
			<string>&lt;group&gt;</string>
		</dict>
		<key>9E15C69C1CECC42A001D6482</key>
		<dict>
			<key>fileRef</key>
			<string>9E15C69B1CECC42A001D6482</string>
			<key>isa</key>
			<string>PBXBuildFile</string>
		</dict>
		<key>9E15C6C61CFC80E8001D6482</key>
		<dict>
			<key>children</key>
			<array>
				<string>9E15C6C71CFC810F001D6482</string>
				<string>9E15C6C81CFC810F001D6482</string>
				<string>9E15C6C91CFC810F001D6482</string>
			</array>
			<key>isa</key>
			<string>PBXGroup</string>
			<key>name</key>
			<string>&#30331;&#24405;</string>
			<key>sourceTree</key>
			<string>&lt;group&gt;</string>
		</dict>
		<key>9E15C6C71CFC810F001D6482</key>
		<dict>
			<key>fileEncoding</key>
			<string>4</string>
			<key>isa</key>
			<string>PBXFileReference</string>
			<key>lastKnownFileType</key>
			<string>sourcecode.swift</string>
			<key>path</key>
			<string>LoginViewController.swift</string>
			<key>sourceTree</key>
			<string>&lt;group&gt;</string>
		</dict>
		<key>9E15C6C81CFC810F001D6482</key>
		<dict>
			<key>fileEncoding</key>
			<string>4</string>
			<key>isa</key>
			<string>PBXFileReference</string>
			<key>lastKnownFileType</key>
			<string>sourcecode.swift</string>
			<key>path</key>
			<string>String+Hash.swift</string>
			<key>sourceTree</key>
			<string>&lt;group&gt;</string>
		</dict>
		<key>9E15C6C91CFC810F001D6482</key>
		<dict>
			<key>fileEncoding</key>
			<string>4</string>
			<key>isa</key>
			<string>PBXFileReference</string>
			<key>lastKnownFileType</key>
			<string>sourcecode.swift</string>
			<key>path</key>
			<string>String+wnxString.swift</string>
			<key>sourceTree</key>
			<string>&lt;group&gt;</string>
		</dict>
		<key>9E15C6CA1CFC810F001D6482</key>
		<dict>
			<key>fileRef</key>
			<string>9E15C6C71CFC810F001D6482</string>
			<key>isa</key>
			<string>PBXBuildFile</string>
		</dict>
		<key>9E15C6CB1CFC810F001D6482</key>
		<dict>
			<key>fileRef</key>
			<string>9E15C6C81CFC810F001D6482</string>
			<key>isa</key>
			<string>PBXBuildFile</string>
		</dict>
		<key>9E15C6CC1CFC810F001D6482</key>
		<dict>
			<key>fileRef</key>
			<string>9E15C6C91CFC810F001D6482</string>
			<key>isa</key>
			<string>PBXBuildFile</string>
		</dict>
		<key>9E15C6CD1CFE6B63001D6482</key>
		<dict>
			<key>children</key>
			<array>
				<string>9E15C6DB1CFE6C63001D6482</string>
				<string>9E15C6D91CFE6C57001D6482</string>
				<string>9E15C6D71CFE6C46001D6482</string>
				<string>9E15C6D51CFE6C2C001D6482</string>
				<string>9E15C6CE1CFE6BCB001D6482</string>
				<string>F9C514486838D2B33495046B</string>
			</array>
			<key>isa</key>
			<string>PBXGroup</string>
			<key>name</key>
			<string>Frameworks</string>
			<key>sourceTree</key>
			<string>&lt;group&gt;</string>
		</dict>
		<key>9E15C6CE1CFE6BCB001D6482</key>
		<dict>
			<key>children</key>
			<array>
				<string>9E15C6CF1CFE6BCB001D6482</string>
				<string>9E15C6D01CFE6BCB001D6482</string>
				<string>9E15C6D11CFE6BCB001D6482</string>
			</array>
			<key>isa</key>
			<string>PBXGroup</string>
			<key>path</key>
			<string>AVOSCloud</string>
			<key>sourceTree</key>
			<string>&lt;group&gt;</string>
		</dict>
		<key>9E15C6CF1CFE6BCB001D6482</key>
		<dict>
			<key>isa</key>
			<string>PBXFileReference</string>
			<key>lastKnownFileType</key>
			<string>wrapper.framework</string>
			<key>path</key>
			<string>AVOSCloud.framework</string>
			<key>sourceTree</key>
			<string>&lt;group&gt;</string>
		</dict>
		<key>9E15C6D01CFE6BCB001D6482</key>
		<dict>
			<key>isa</key>
			<string>PBXFileReference</string>
			<key>lastKnownFileType</key>
			<string>wrapper.framework</string>
			<key>path</key>
			<string>AVOSCloudCrashReporting.framework</string>
			<key>sourceTree</key>
			<string>&lt;group&gt;</string>
		</dict>
		<key>9E15C6D11CFE6BCB001D6482</key>
		<dict>
			<key>isa</key>
			<string>PBXFileReference</string>
			<key>lastKnownFileType</key>
			<string>wrapper.framework</string>
			<key>path</key>
			<string>AVOSCloudIM.framework</string>
			<key>sourceTree</key>
			<string>&lt;group&gt;</string>
		</dict>
		<key>9E15C6D21CFE6BCB001D6482</key>
		<dict>
			<key>fileRef</key>
			<string>9E15C6CF1CFE6BCB001D6482</string>
			<key>isa</key>
			<string>PBXBuildFile</string>
		</dict>
		<key>9E15C6D31CFE6BCB001D6482</key>
		<dict>
			<key>fileRef</key>
			<string>9E15C6D01CFE6BCB001D6482</string>
			<key>isa</key>
			<string>PBXBuildFile</string>
		</dict>
		<key>9E15C6D41CFE6BCB001D6482</key>
		<dict>
			<key>fileRef</key>
			<string>9E15C6D11CFE6BCB001D6482</string>
			<key>isa</key>
			<string>PBXBuildFile</string>
		</dict>
		<key>9E15C6D51CFE6C2C001D6482</key>
		<dict>
			<key>isa</key>
			<string>PBXFileReference</string>
			<key>lastKnownFileType</key>
			<string>wrapper.framework</string>
			<key>name</key>
			<string>SystemConfiguration.framework</string>
			<key>path</key>
			<string>System/Library/Frameworks/SystemConfiguration.framework</string>
			<key>sourceTree</key>
			<string>SDKROOT</string>
		</dict>
		<key>9E15C6D61CFE6C2C001D6482</key>
		<dict>
			<key>fileRef</key>
			<string>9E15C6D51CFE6C2C001D6482</string>
			<key>isa</key>
			<string>PBXBuildFile</string>
		</dict>
		<key>9E15C6D71CFE6C46001D6482</key>
		<dict>
			<key>isa</key>
			<string>PBXFileReference</string>
			<key>lastKnownFileType</key>
			<string>wrapper.framework</string>
			<key>name</key>
			<string>MobileCoreServices.framework</string>
			<key>path</key>
			<string>System/Library/Frameworks/MobileCoreServices.framework</string>
			<key>sourceTree</key>
			<string>SDKROOT</string>
		</dict>
		<key>9E15C6D81CFE6C46001D6482</key>
		<dict>
			<key>fileRef</key>
			<string>9E15C6D71CFE6C46001D6482</string>
			<key>isa</key>
			<string>PBXBuildFile</string>
		</dict>
		<key>9E15C6D91CFE6C57001D6482</key>
		<dict>
			<key>isa</key>
			<string>PBXFileReference</string>
			<key>lastKnownFileType</key>
			<string>wrapper.framework</string>
			<key>name</key>
			<string>CoreTelephony.framework</string>
			<key>path</key>
			<string>System/Library/Frameworks/CoreTelephony.framework</string>
			<key>sourceTree</key>
			<string>SDKROOT</string>
		</dict>
		<key>9E15C6DA1CFE6C57001D6482</key>
		<dict>
			<key>fileRef</key>
			<string>9E15C6D91CFE6C57001D6482</string>
			<key>isa</key>
			<string>PBXBuildFile</string>
		</dict>
		<key>9E15C6DB1CFE6C63001D6482</key>
		<dict>
			<key>isa</key>
			<string>PBXFileReference</string>
			<key>lastKnownFileType</key>
			<string>wrapper.framework</string>
			<key>name</key>
			<string>CoreLocation.framework</string>
			<key>path</key>
			<string>System/Library/Frameworks/CoreLocation.framework</string>
			<key>sourceTree</key>
			<string>SDKROOT</string>
		</dict>
		<key>9E15C6DC1CFE6C63001D6482</key>
		<dict>
			<key>fileRef</key>
			<string>9E15C6DB1CFE6C63001D6482</string>
			<key>isa</key>
			<string>PBXBuildFile</string>
		</dict>
		<key>9E216BA71CC478DB00874A7A</key>
		<dict>
			<key>children</key>
			<array>
				<string>9E216BB21CC478DB00874A7A</string>
				<string>9E216BB11CC478DB00874A7A</string>
				<string>9E15C6CD1CFE6B63001D6482</string>
				<string>7E2337CFC09DF30FC1A52BF3</string>
			</array>
			<key>isa</key>
			<string>PBXGroup</string>
			<key>sourceTree</key>
			<string>&lt;group&gt;</string>
		</dict>
		<key>9E216BA81CC478DB00874A7A</key>
		<dict>
			<key>attributes</key>
			<dict>
				<key>LastSwiftUpdateCheck</key>
				<string>0730</string>
				<key>LastUpgradeCheck</key>
				<string>0730</string>
				<key>ORGANIZATIONNAME</key>
				<string>&#39532;&#33150;</string>
				<key>TargetAttributes</key>
				<dict>
					<key>9E216BAF1CC478DB00874A7A</key>
					<dict>
						<key>CreatedOnToolsVersion</key>
						<string>7.3</string>
					</dict>
				</dict>
			</dict>
			<key>buildConfigurationList</key>
			<string>9E216BAB1CC478DB00874A7A</string>
			<key>compatibilityVersion</key>
			<string>Xcode 3.2</string>
			<key>developmentRegion</key>
			<string>English</string>
			<key>hasScannedForEncodings</key>
			<string>0</string>
			<key>isa</key>
			<string>PBXProject</string>
			<key>knownRegions</key>
			<array>
				<string>en</string>
				<string>Base</string>
			</array>
			<key>mainGroup</key>
			<string>9E216BA71CC478DB00874A7A</string>
			<key>productRefGroup</key>
			<string>9E216BB11CC478DB00874A7A</string>
			<key>projectDirPath</key>
			<string></string>
			<key>projectReferences</key>
			<array/>
			<key>projectRoot</key>
			<string></string>
			<key>targets</key>
			<array>
				<string>9E216BAF1CC478DB00874A7A</string>
			</array>
		</dict>
		<key>9E216BAB1CC478DB00874A7A</key>
		<dict>
			<key>buildConfigurations</key>
			<array>
				<string>9E216BC01CC478DB00874A7A</string>
				<string>9E216BC11CC478DB00874A7A</string>
			</array>
			<key>defaultConfigurationIsVisible</key>
			<string>0</string>
			<key>defaultConfigurationName</key>
			<string>Release</string>
			<key>isa</key>
			<string>XCConfigurationList</string>
		</dict>
		<key>9E216BAC1CC478DB00874A7A</key>
		<dict>
			<key>buildActionMask</key>
			<string>2147483647</string>
			<key>files</key>
			<array>
				<string>9E15C6CA1CFC810F001D6482</string>
				<string>44BC62971CEC5D96004F1913</string>
				<string>44BC62951CEC5D96004F1913</string>
				<string>442F14D31CC8CE06004CE917</string>
				<string>9E216BD31CC5176F00874A7A</string>
				<string>9E15C69C1CECC42A001D6482</string>
				<string>44BC628E1CEC5D96004F1913</string>
				<string>9E216BCD1CC5145200874A7A</string>
				<string>44BC629A1CEC5D96004F1913</string>
				<string>9E216BB41CC478DB00874A7A</string>
				<string>44BC62961CEC5D96004F1913</string>
				<string>44BC62931CEC5D96004F1913</string>
				<string>9E216BC71CC48A7A00874A7A</string>
				<string>44BC62901CEC5D96004F1913</string>
				<string>442F14CE1CC8C9D3004CE917</string>
				<string>44BC629B1CEC5D96004F1913</string>
				<string>44BC62981CEC5D96004F1913</string>
				<string>9E216BD11CC5172B00874A7A</string>
				<string>445583331CEC5986007F98E3</string>
				<string>445583301CEC5885007F98E3</string>
				<string>44BC62921CEC5D96004F1913</string>
				<string>9E15C6CC1CFC810F001D6482</string>
				<string>44BC62991CEC5D96004F1913</string>
				<string>44BC62911CEC5D96004F1913</string>
				<string>44BC62941CEC5D96004F1913</string>
				<string>9E15C69A1CECC41D001D6482</string>
				<string>44F61F121CE7011000850B6E</string>
				<string>9E15C6CB1CFC810F001D6482</string>
				<string>9E216BCF1CC516C200874A7A</string>
				<string>44BC628F1CEC5D96004F1913</string>
			</array>
			<key>isa</key>
			<string>PBXSourcesBuildPhase</string>
			<key>runOnlyForDeploymentPostprocessing</key>
			<string>0</string>
		</dict>
		<key>9E216BAD1CC478DB00874A7A</key>
		<dict>
			<key>buildActionMask</key>
			<string>2147483647</string>
			<key>files</key>
			<array>
				<string>9E15C6DC1CFE6C63001D6482</string>
				<string>9E15C6DA1CFE6C57001D6482</string>
				<string>9E15C6D81CFE6C46001D6482</string>
				<string>9E15C6D61CFE6C2C001D6482</string>
				<string>9E15C6D31CFE6BCB001D6482</string>
				<string>9E15C6D21CFE6BCB001D6482</string>
				<string>9E15C6D41CFE6BCB001D6482</string>
				<string>5BFB93E5D221BDFD7C198BCD</string>
			</array>
			<key>isa</key>
			<string>PBXFrameworksBuildPhase</string>
			<key>runOnlyForDeploymentPostprocessing</key>
			<string>0</string>
		</dict>
		<key>9E216BAE1CC478DB00874A7A</key>
		<dict>
			<key>buildActionMask</key>
			<string>2147483647</string>
			<key>files</key>
			<array>
				<string>9E216BBE1CC478DB00874A7A</string>
				<string>9E216BBB1CC478DB00874A7A</string>
				<string>44BC629E1CEC6A2D004F1913</string>
				<string>D8C7EE4E1CF178B80080285B</string>
				<string>9E216BB91CC478DB00874A7A</string>
			</array>
			<key>isa</key>
			<string>PBXResourcesBuildPhase</string>
			<key>runOnlyForDeploymentPostprocessing</key>
			<string>0</string>
		</dict>
		<key>9E216BAF1CC478DB00874A7A</key>
		<dict>
			<key>buildConfigurationList</key>
			<string>9E216BC21CC478DB00874A7A</string>
			<key>buildPhases</key>
			<array>
				<string>C06DE9FF83E6DBF65E9DF20F</string>
				<string>9E216BAC1CC478DB00874A7A</string>
				<string>9E216BAD1CC478DB00874A7A</string>
				<string>9E216BAE1CC478DB00874A7A</string>
				<string>4F026FDCEBCD3A0245EF69E6</string>
				<string>BC5FC0116B211B9E8C975D84</string>
			</array>
			<key>buildRules</key>
			<array/>
			<key>dependencies</key>
			<array/>
			<key>isa</key>
			<string>PBXNativeTarget</string>
			<key>name</key>
			<string>playTogether</string>
			<key>productName</key>
			<string>playTogether</string>
			<key>productReference</key>
			<string>9E216BB01CC478DB00874A7A</string>
			<key>productType</key>
			<string>com.apple.product-type.application</string>
		</dict>
		<key>9E216BB01CC478DB00874A7A</key>
		<dict>
			<key>explicitFileType</key>
			<string>wrapper.application</string>
			<key>includeInIndex</key>
			<string>0</string>
			<key>isa</key>
			<string>PBXFileReference</string>
			<key>path</key>
			<string>playTogether.app</string>
			<key>sourceTree</key>
			<string>BUILT_PRODUCTS_DIR</string>
		</dict>
		<key>9E216BB11CC478DB00874A7A</key>
		<dict>
			<key>children</key>
			<array>
				<string>9E216BB01CC478DB00874A7A</string>
			</array>
			<key>isa</key>
			<string>PBXGroup</string>
			<key>name</key>
			<string>Products</string>
			<key>sourceTree</key>
			<string>&lt;group&gt;</string>
		</dict>
		<key>9E216BB21CC478DB00874A7A</key>
		<dict>
			<key>children</key>
			<array>
				<string>9E15C6C61CFC80E8001D6482</string>
				<string>9E216BB31CC478DB00874A7A</string>
				<string>9E216BC51CC48A2100874A7A</string>
				<string>9E216BCB1CC512CF00874A7A</string>
				<string>9E216BC91CC5114300874A7A</string>
				<string>9E216BCA1CC5115600874A7A</string>
				<string>9E216BC81CC5112B00874A7A</string>
				<string>442F14CA1CC8C96D004CE917</string>
				<string>9E216BB71CC478DB00874A7A</string>
				<string>9E216BBA1CC478DB00874A7A</string>
				<string>9E216BBC1CC478DB00874A7A</string>
				<string>9E216BBF1CC478DB00874A7A</string>
			</array>
			<key>isa</key>
			<string>PBXGroup</string>
			<key>path</key>
			<string>playTogether</string>
			<key>sourceTree</key>
			<string>&lt;group&gt;</string>
		</dict>
		<key>9E216BB31CC478DB00874A7A</key>
		<dict>
			<key>isa</key>
			<string>PBXFileReference</string>
			<key>lastKnownFileType</key>
			<string>sourcecode.swift</string>
			<key>path</key>
			<string>AppDelegate.swift</string>
			<key>sourceTree</key>
			<string>&lt;group&gt;</string>
		</dict>
		<key>9E216BB41CC478DB00874A7A</key>
		<dict>
			<key>fileRef</key>
			<string>9E216BB31CC478DB00874A7A</string>
			<key>isa</key>
			<string>PBXBuildFile</string>
		</dict>
		<key>9E216BB71CC478DB00874A7A</key>
		<dict>
			<key>children</key>
			<array>
				<string>9E216BB81CC478DB00874A7A</string>
			</array>
			<key>isa</key>
			<string>PBXVariantGroup</string>
			<key>name</key>
			<string>Main.storyboard</string>
			<key>sourceTree</key>
			<string>&lt;group&gt;</string>
		</dict>
		<key>9E216BB81CC478DB00874A7A</key>
		<dict>
			<key>isa</key>
			<string>PBXFileReference</string>
			<key>lastKnownFileType</key>
			<string>file.storyboard</string>
			<key>name</key>
			<string>Base</string>
			<key>path</key>
			<string>Base.lproj/Main.storyboard</string>
			<key>sourceTree</key>
			<string>&lt;group&gt;</string>
		</dict>
		<key>9E216BB91CC478DB00874A7A</key>
		<dict>
			<key>fileRef</key>
			<string>9E216BB71CC478DB00874A7A</string>
			<key>isa</key>
			<string>PBXBuildFile</string>
		</dict>
		<key>9E216BBA1CC478DB00874A7A</key>
		<dict>
			<key>isa</key>
			<string>PBXFileReference</string>
			<key>lastKnownFileType</key>
			<string>folder.assetcatalog</string>
			<key>path</key>
			<string>Assets.xcassets</string>
			<key>sourceTree</key>
			<string>&lt;group&gt;</string>
		</dict>
		<key>9E216BBB1CC478DB00874A7A</key>
		<dict>
			<key>fileRef</key>
			<string>9E216BBA1CC478DB00874A7A</string>
			<key>isa</key>
			<string>PBXBuildFile</string>
		</dict>
		<key>9E216BBC1CC478DB00874A7A</key>
		<dict>
			<key>children</key>
			<array>
				<string>9E216BBD1CC478DB00874A7A</string>
			</array>
			<key>isa</key>
			<string>PBXVariantGroup</string>
			<key>name</key>
			<string>LaunchScreen.storyboard</string>
			<key>sourceTree</key>
			<string>&lt;group&gt;</string>
		</dict>
		<key>9E216BBD1CC478DB00874A7A</key>
		<dict>
			<key>isa</key>
			<string>PBXFileReference</string>
			<key>lastKnownFileType</key>
			<string>file.storyboard</string>
			<key>name</key>
			<string>Base</string>
			<key>path</key>
			<string>Base.lproj/LaunchScreen.storyboard</string>
			<key>sourceTree</key>
			<string>&lt;group&gt;</string>
		</dict>
		<key>9E216BBE1CC478DB00874A7A</key>
		<dict>
			<key>fileRef</key>
			<string>9E216BBC1CC478DB00874A7A</string>
			<key>isa</key>
			<string>PBXBuildFile</string>
		</dict>
		<key>9E216BBF1CC478DB00874A7A</key>
		<dict>
			<key>isa</key>
			<string>PBXFileReference</string>
			<key>lastKnownFileType</key>
			<string>text.plist.xml</string>
			<key>path</key>
			<string>Info.plist</string>
			<key>sourceTree</key>
			<string>&lt;group&gt;</string>
		</dict>
		<key>9E216BC01CC478DB00874A7A</key>
		<dict>
			<key>buildSettings</key>
			<dict>
				<key>ALWAYS_SEARCH_USER_PATHS</key>
				<string>NO</string>
				<key>CLANG_ANALYZER_NONNULL</key>
				<string>YES</string>
				<key>CLANG_CXX_LANGUAGE_STANDARD</key>
				<string>gnu++0x</string>
				<key>CLANG_CXX_LIBRARY</key>
				<string>libc++</string>
				<key>CLANG_ENABLE_MODULES</key>
				<string>YES</string>
				<key>CLANG_ENABLE_OBJC_ARC</key>
				<string>YES</string>
				<key>CLANG_WARN_BOOL_CONVERSION</key>
				<string>YES</string>
				<key>CLANG_WARN_CONSTANT_CONVERSION</key>
				<string>YES</string>
				<key>CLANG_WARN_DIRECT_OBJC_ISA_USAGE</key>
				<string>YES_ERROR</string>
				<key>CLANG_WARN_EMPTY_BODY</key>
				<string>YES</string>
				<key>CLANG_WARN_ENUM_CONVERSION</key>
				<string>YES</string>
				<key>CLANG_WARN_INT_CONVERSION</key>
				<string>YES</string>
				<key>CLANG_WARN_OBJC_ROOT_CLASS</key>
				<string>YES_ERROR</string>
				<key>CLANG_WARN_UNREACHABLE_CODE</key>
				<string>YES</string>
				<key>CLANG_WARN__DUPLICATE_METHOD_MATCH</key>
				<string>YES</string>
				<key>CODE_SIGN_IDENTITY[sdk=iphoneos*]</key>
				<string>iPhone Developer</string>
				<key>COPY_PHASE_STRIP</key>
				<string>NO</string>
				<key>DEBUG_INFORMATION_FORMAT</key>
				<string>dwarf</string>
				<key>ENABLE_STRICT_OBJC_MSGSEND</key>
				<string>YES</string>
				<key>ENABLE_TESTABILITY</key>
				<string>YES</string>
				<key>GCC_C_LANGUAGE_STANDARD</key>
				<string>gnu99</string>
				<key>GCC_DYNAMIC_NO_PIC</key>
				<string>NO</string>
				<key>GCC_NO_COMMON_BLOCKS</key>
				<string>YES</string>
				<key>GCC_OPTIMIZATION_LEVEL</key>
				<string>0</string>
				<key>GCC_PREPROCESSOR_DEFINITIONS</key>
				<array>
					<string>DEBUG=1</string>
					<string>$(inherited)</string>
				</array>
				<key>GCC_WARN_64_TO_32_BIT_CONVERSION</key>
				<string>YES</string>
				<key>GCC_WARN_ABOUT_RETURN_TYPE</key>
				<string>YES_ERROR</string>
				<key>GCC_WARN_UNDECLARED_SELECTOR</key>
				<string>YES</string>
				<key>GCC_WARN_UNINITIALIZED_AUTOS</key>
				<string>YES_AGGRESSIVE</string>
				<key>GCC_WARN_UNUSED_FUNCTION</key>
				<string>YES</string>
				<key>GCC_WARN_UNUSED_VARIABLE</key>
				<string>YES</string>
				<key>IPHONEOS_DEPLOYMENT_TARGET</key>
				<string>9.3</string>
				<key>MTL_ENABLE_DEBUG_INFO</key>
				<string>YES</string>
				<key>ONLY_ACTIVE_ARCH</key>
				<string>YES</string>
				<key>SDKROOT</key>
				<string>iphoneos</string>
				<key>SWIFT_OPTIMIZATION_LEVEL</key>
				<string>-Onone</string>
			</dict>
			<key>isa</key>
			<string>XCBuildConfiguration</string>
			<key>name</key>
			<string>Debug</string>
		</dict>
		<key>9E216BC11CC478DB00874A7A</key>
		<dict>
			<key>buildSettings</key>
			<dict>
				<key>ALWAYS_SEARCH_USER_PATHS</key>
				<string>NO</string>
				<key>CLANG_ANALYZER_NONNULL</key>
				<string>YES</string>
				<key>CLANG_CXX_LANGUAGE_STANDARD</key>
				<string>gnu++0x</string>
				<key>CLANG_CXX_LIBRARY</key>
				<string>libc++</string>
				<key>CLANG_ENABLE_MODULES</key>
				<string>YES</string>
				<key>CLANG_ENABLE_OBJC_ARC</key>
				<string>YES</string>
				<key>CLANG_WARN_BOOL_CONVERSION</key>
				<string>YES</string>
				<key>CLANG_WARN_CONSTANT_CONVERSION</key>
				<string>YES</string>
				<key>CLANG_WARN_DIRECT_OBJC_ISA_USAGE</key>
				<string>YES_ERROR</string>
				<key>CLANG_WARN_EMPTY_BODY</key>
				<string>YES</string>
				<key>CLANG_WARN_ENUM_CONVERSION</key>
				<string>YES</string>
				<key>CLANG_WARN_INT_CONVERSION</key>
				<string>YES</string>
				<key>CLANG_WARN_OBJC_ROOT_CLASS</key>
				<string>YES_ERROR</string>
				<key>CLANG_WARN_UNREACHABLE_CODE</key>
				<string>YES</string>
				<key>CLANG_WARN__DUPLICATE_METHOD_MATCH</key>
				<string>YES</string>
				<key>CODE_SIGN_IDENTITY[sdk=iphoneos*]</key>
				<string>iPhone Developer</string>
				<key>COPY_PHASE_STRIP</key>
				<string>NO</string>
				<key>DEBUG_INFORMATION_FORMAT</key>
				<string>dwarf-with-dsym</string>
				<key>ENABLE_NS_ASSERTIONS</key>
				<string>NO</string>
				<key>ENABLE_STRICT_OBJC_MSGSEND</key>
				<string>YES</string>
				<key>GCC_C_LANGUAGE_STANDARD</key>
				<string>gnu99</string>
				<key>GCC_NO_COMMON_BLOCKS</key>
				<string>YES</string>
				<key>GCC_WARN_64_TO_32_BIT_CONVERSION</key>
				<string>YES</string>
				<key>GCC_WARN_ABOUT_RETURN_TYPE</key>
				<string>YES_ERROR</string>
				<key>GCC_WARN_UNDECLARED_SELECTOR</key>
				<string>YES</string>
				<key>GCC_WARN_UNINITIALIZED_AUTOS</key>
				<string>YES_AGGRESSIVE</string>
				<key>GCC_WARN_UNUSED_FUNCTION</key>
				<string>YES</string>
				<key>GCC_WARN_UNUSED_VARIABLE</key>
				<string>YES</string>
				<key>IPHONEOS_DEPLOYMENT_TARGET</key>
				<string>9.3</string>
				<key>MTL_ENABLE_DEBUG_INFO</key>
				<string>NO</string>
				<key>SDKROOT</key>
				<string>iphoneos</string>
				<key>VALIDATE_PRODUCT</key>
				<string>YES</string>
			</dict>
			<key>isa</key>
			<string>XCBuildConfiguration</string>
			<key>name</key>
			<string>Release</string>
		</dict>
		<key>9E216BC21CC478DB00874A7A</key>
		<dict>
			<key>buildConfigurations</key>
			<array>
				<string>9E216BC31CC478DB00874A7A</string>
				<string>9E216BC41CC478DB00874A7A</string>
			</array>
			<key>defaultConfigurationIsVisible</key>
			<string>0</string>
			<key>defaultConfigurationName</key>
			<string>Release</string>
			<key>isa</key>
			<string>XCConfigurationList</string>
		</dict>
		<key>9E216BC31CC478DB00874A7A</key>
		<dict>
			<key>baseConfigurationReference</key>
			<string>BC0C92639D45DEC1A03DF9AD</string>
			<key>buildSettings</key>
			<dict>
				<key>ASSETCATALOG_COMPILER_APPICON_NAME</key>
				<string>AppIcon</string>
				<key>CLANG_ENABLE_MODULES</key>
				<string>YES</string>
				<key>FRAMEWORK_SEARCH_PATHS</key>
				<array>
					<string>$(inherited)</string>
					<string>$(PROJECT_DIR)/AVOSCloud</string>
				</array>
				<key>INFOPLIST_FILE</key>
				<string>playTogether/Info.plist</string>
				<key>LD_RUNPATH_SEARCH_PATHS</key>
				<string>$(inherited) @executable_path/Frameworks</string>
				<key>OTHER_LDFLAGS</key>
				<array>
					<string>-lz</string>
					<string>-licucore</string>
					<string>-ObjC</string>
					<string>-lc++</string>
					<string>-lsqlite3</string>
				</array>
				<key>PRODUCT_BUNDLE_IDENTIFIER</key>
				<string>com.mt.swift.playTogether</string>
				<key>PRODUCT_NAME</key>
				<string>$(TARGET_NAME)</string>
				<key>SWIFT_OBJC_BRIDGING_HEADER</key>
				<string>playTogether/playTogether-Bridging-Header.h</string>
				<key>SWIFT_OPTIMIZATION_LEVEL</key>
				<string>-Onone</string>
			</dict>
			<key>isa</key>
			<string>XCBuildConfiguration</string>
			<key>name</key>
			<string>Debug</string>
		</dict>
		<key>9E216BC41CC478DB00874A7A</key>
		<dict>
			<key>baseConfigurationReference</key>
			<string>3F273C5800076635CD16B95B</string>
			<key>buildSettings</key>
			<dict>
				<key>ASSETCATALOG_COMPILER_APPICON_NAME</key>
				<string>AppIcon</string>
				<key>CLANG_ENABLE_MODULES</key>
				<string>YES</string>
				<key>FRAMEWORK_SEARCH_PATHS</key>
				<array>
					<string>$(inherited)</string>
					<string>$(PROJECT_DIR)/AVOSCloud</string>
				</array>
				<key>INFOPLIST_FILE</key>
				<string>playTogether/Info.plist</string>
				<key>LD_RUNPATH_SEARCH_PATHS</key>
				<string>$(inherited) @executable_path/Frameworks</string>
				<key>OTHER_LDFLAGS</key>
				<array>
					<string>-lz</string>
					<string>-licucore</string>
					<string>-ObjC</string>
					<string>-lc++</string>
					<string>-lsqlite3</string>
				</array>
				<key>PRODUCT_BUNDLE_IDENTIFIER</key>
				<string>com.mt.swift.playTogether</string>
				<key>PRODUCT_NAME</key>
				<string>$(TARGET_NAME)</string>
				<key>SWIFT_OBJC_BRIDGING_HEADER</key>
				<string>playTogether/playTogether-Bridging-Header.h</string>
			</dict>
			<key>isa</key>
			<string>XCBuildConfiguration</string>
			<key>name</key>
			<string>Release</string>
		</dict>
		<key>9E216BC51CC48A2100874A7A</key>
		<dict>
			<key>children</key>
			<array>
				<string>445583311CEC5915007F98E3</string>
				<string>4455832E1CEC585E007F98E3</string>
				<string>9E216BC61CC48A7A00874A7A</string>
				<string>44F61F111CE7011000850B6E</string>
			</array>
			<key>isa</key>
			<string>PBXGroup</string>
			<key>name</key>
			<string>&#39318;&#39029;</string>
			<key>sourceTree</key>
			<string>&lt;group&gt;</string>
		</dict>
		<key>9E216BC61CC48A7A00874A7A</key>
		<dict>
			<key>fileEncoding</key>
			<string>4</string>
			<key>isa</key>
			<string>PBXFileReference</string>
			<key>lastKnownFileType</key>
			<string>sourcecode.swift</string>
			<key>path</key>
			<string>HomeViewController.swift</string>
			<key>sourceTree</key>
			<string>&lt;group&gt;</string>
		</dict>
		<key>9E216BC71CC48A7A00874A7A</key>
		<dict>
			<key>fileRef</key>
			<string>9E216BC61CC48A7A00874A7A</string>
			<key>isa</key>
			<string>PBXBuildFile</string>
		</dict>
		<key>9E216BC81CC5112B00874A7A</key>
		<dict>
			<key>children</key>
			<array>
				<string>9E216BCE1CC516C200874A7A</string>
			</array>
			<key>isa</key>
			<string>PBXGroup</string>
			<key>name</key>
			<string>&#28040;&#24687;</string>
			<key>sourceTree</key>
			<string>&lt;group&gt;</string>
		</dict>
		<key>9E216BC91CC5114300874A7A</key>
		<dict>
			<key>children</key>
			<array>
				<string>9E216BD21CC5176F00874A7A</string>
			</array>
			<key>isa</key>
			<string>PBXGroup</string>
			<key>name</key>
			<string>&#21457;&#24067;</string>
			<key>sourceTree</key>
			<string>&lt;group&gt;</string>
		</dict>
		<key>9E216BCA1CC5115600874A7A</key>
		<dict>
			<key>children</key>
			<array>
				<string>D8C7EE4D1CF178B80080285B</string>
				<string>9E216BD01CC5172B00874A7A</string>
			</array>
			<key>isa</key>
			<string>PBXGroup</string>
			<key>name</key>
			<string>&#20010;&#20154;&#20013;&#24515;</string>
			<key>sourceTree</key>
			<string>&lt;group&gt;</string>
		</dict>
		<key>9E216BCB1CC512CF00874A7A</key>
		<dict>
			<key>children</key>
			<array>
				<string>9E216BCC1CC5145200874A7A</string>
			</array>
			<key>isa</key>
			<string>PBXGroup</string>
			<key>name</key>
			<string>&#21457;&#29616;</string>
			<key>sourceTree</key>
			<string>&lt;group&gt;</string>
		</dict>
		<key>9E216BCC1CC5145200874A7A</key>
		<dict>
			<key>fileEncoding</key>
			<string>4</string>
			<key>isa</key>
			<string>PBXFileReference</string>
			<key>lastKnownFileType</key>
			<string>sourcecode.swift</string>
			<key>path</key>
			<string>DiscoverViewController.swift</string>
			<key>sourceTree</key>
			<string>&lt;group&gt;</string>
		</dict>
		<key>9E216BCD1CC5145200874A7A</key>
		<dict>
			<key>fileRef</key>
			<string>9E216BCC1CC5145200874A7A</string>
			<key>isa</key>
			<string>PBXBuildFile</string>
		</dict>
		<key>9E216BCE1CC516C200874A7A</key>
		<dict>
			<key>fileEncoding</key>
			<string>4</string>
			<key>isa</key>
			<string>PBXFileReference</string>
			<key>lastKnownFileType</key>
			<string>sourcecode.swift</string>
			<key>path</key>
			<string>MessageCenterViewController.swift</string>
			<key>sourceTree</key>
			<string>&lt;group&gt;</string>
		</dict>
		<key>9E216BCF1CC516C200874A7A</key>
		<dict>
			<key>fileRef</key>
			<string>9E216BCE1CC516C200874A7A</string>
			<key>isa</key>
			<string>PBXBuildFile</string>
		</dict>
		<key>9E216BD01CC5172B00874A7A</key>
		<dict>
			<key>fileEncoding</key>
			<string>4</string>
			<key>isa</key>
			<string>PBXFileReference</string>
			<key>lastKnownFileType</key>
			<string>sourcecode.swift</string>
			<key>path</key>
			<string>PersonCenterViewController.swift</string>
			<key>sourceTree</key>
			<string>&lt;group&gt;</string>
		</dict>
		<key>9E216BD11CC5172B00874A7A</key>
		<dict>
			<key>fileRef</key>
			<string>9E216BD01CC5172B00874A7A</string>
			<key>isa</key>
			<string>PBXBuildFile</string>
		</dict>
		<key>9E216BD21CC5176F00874A7A</key>
		<dict>
			<key>fileEncoding</key>
			<string>4</string>
			<key>isa</key>
			<string>PBXFileReference</string>
			<key>lastKnownFileType</key>
			<string>sourcecode.swift</string>
			<key>path</key>
			<string>ReleaseViewController.swift</string>
			<key>sourceTree</key>
			<string>&lt;group&gt;</string>
		</dict>
		<key>9E216BD31CC5176F00874A7A</key>
		<dict>
			<key>fileRef</key>
			<string>9E216BD21CC5176F00874A7A</string>
			<key>isa</key>
			<string>PBXBuildFile</string>
		</dict>
		<key>BC0C92639D45DEC1A03DF9AD</key>
		<dict>
			<key>includeInIndex</key>
			<string>1</string>
			<key>isa</key>
			<string>PBXFileReference</string>
			<key>lastKnownFileType</key>
			<string>text.xcconfig</string>
			<key>name</key>
			<string>Pods.debug.xcconfig</string>
			<key>path</key>
			<string>Pods/Target Support Files/Pods/Pods.debug.xcconfig</string>
			<key>sourceTree</key>
			<string>&lt;group&gt;</string>
		</dict>
		<key>BC5FC0116B211B9E8C975D84</key>
		<dict>
			<key>buildActionMask</key>
			<string>2147483647</string>
			<key>files</key>
			<array/>
			<key>inputPaths</key>
			<array/>
			<key>isa</key>
			<string>PBXShellScriptBuildPhase</string>
			<key>name</key>
			<string>Copy Pods Resources</string>
			<key>outputPaths</key>
			<array/>
			<key>runOnlyForDeploymentPostprocessing</key>
			<string>0</string>
			<key>shellPath</key>
			<string>/bin/sh</string>
			<key>shellScript</key>
			<string>"${SRCROOT}/Pods/Target Support Files/Pods/Pods-resources.sh"
</string>
			<key>showEnvVarsInLog</key>
			<string>0</string>
		</dict>
		<key>C06DE9FF83E6DBF65E9DF20F</key>
		<dict>
			<key>buildActionMask</key>
			<string>2147483647</string>
			<key>files</key>
			<array/>
			<key>inputPaths</key>
			<array/>
			<key>isa</key>
			<string>PBXShellScriptBuildPhase</string>
			<key>name</key>
			<string>Check Pods Manifest.lock</string>
			<key>outputPaths</key>
			<array/>
			<key>runOnlyForDeploymentPostprocessing</key>
			<string>0</string>
			<key>shellPath</key>
			<string>/bin/sh</string>
			<key>shellScript</key>
			<string>diff "${PODS_ROOT}/../Podfile.lock" "${PODS_ROOT}/Manifest.lock" &gt; /dev/null
if [[ $? != 0 ]] ; then
    cat &lt;&lt; EOM
error: The sandbox is not in sync with the Podfile.lock. Run 'pod install' or update your CocoaPods installation.
EOM
    exit 1
fi
</string>
			<key>showEnvVarsInLog</key>
			<string>0</string>
		</dict>
		<key>D8C7EE4D1CF178B80080285B</key>
		<dict>
			<key>fileEncoding</key>
			<string>4</string>
			<key>isa</key>
			<string>PBXFileReference</string>
			<key>lastKnownFileType</key>
			<string>text.plist.xml</string>
			<key>path</key>
			<string>data.plist</string>
			<key>sourceTree</key>
			<string>&lt;group&gt;</string>
		</dict>
		<key>D8C7EE4E1CF178B80080285B</key>
		<dict>
			<key>fileRef</key>
			<string>D8C7EE4D1CF178B80080285B</string>
			<key>isa</key>
			<string>PBXBuildFile</string>
		</dict>
		<key>F9C514486838D2B33495046B</key>
		<dict>
			<key>explicitFileType</key>
			<string>archive.ar</string>
			<key>includeInIndex</key>
			<string>0</string>
			<key>isa</key>
			<string>PBXFileReference</string>
			<key>path</key>
			<string>libPods.a</string>
			<key>sourceTree</key>
			<string>BUILT_PRODUCTS_DIR</string>
		</dict>
	</dict>
	<key>rootObject</key>
	<string>9E216BA81CC478DB00874A7A</string>
</dict>
</plist>
