// !$*UTF8*$!
{
	archiveVersion = 1;
	classes = {
	};
	objectVersion = 46;
	objects = {

/* Begin PBXBuildFile section */
		442F14CE1CC8C9D3004CE917 /* config.swift in Sources */ = {isa = PBXBuildFile; fileRef = 442F14CD1CC8C9D3004CE917 /* config.swift */; };
		442F14D31CC8CE06004CE917 /* UIColor+Hex.m in Sources */ = {isa = PBXBuildFile; fileRef = 442F14D21CC8CE06004CE917 /* UIColor+Hex.m */; };
		445583301CEC5885007F98E3 /* BannerView.swift in Sources */ = {isa = PBXBuildFile; fileRef = 4455832F1CEC5885007F98E3 /* BannerView.swift */; };
		445583331CEC5986007F98E3 /* ProductRecommend.swift in Sources */ = {isa = PBXBuildFile; fileRef = 445583321CEC5986007F98E3 /* ProductRecommend.swift */; };
		44BC628E1CEC5D96004F1913 /* NSData+ImageContentType.m in Sources */ = {isa = PBXBuildFile; fileRef = 44BC62721CEC5D96004F1913 /* NSData+ImageContentType.m */; };
		44BC628F1CEC5D96004F1913 /* SDImageCache.m in Sources */ = {isa = PBXBuildFile; fileRef = 44BC62741CEC5D96004F1913 /* SDImageCache.m */; };
		44BC62901CEC5D96004F1913 /* SDWebImageCompat.m in Sources */ = {isa = PBXBuildFile; fileRef = 44BC62761CEC5D96004F1913 /* SDWebImageCompat.m */; };
		44BC62911CEC5D96004F1913 /* SDWebImageDecoder.m in Sources */ = {isa = PBXBuildFile; fileRef = 44BC62781CEC5D96004F1913 /* SDWebImageDecoder.m */; };
		44BC62921CEC5D96004F1913 /* SDWebImageDownloader.m in Sources */ = {isa = PBXBuildFile; fileRef = 44BC627A1CEC5D96004F1913 /* SDWebImageDownloader.m */; };
		44BC62931CEC5D96004F1913 /* SDWebImageDownloaderOperation.m in Sources */ = {isa = PBXBuildFile; fileRef = 44BC627C1CEC5D96004F1913 /* SDWebImageDownloaderOperation.m */; };
		44BC62941CEC5D96004F1913 /* SDWebImageManager.m in Sources */ = {isa = PBXBuildFile; fileRef = 44BC627E1CEC5D96004F1913 /* SDWebImageManager.m */; };
		44BC62951CEC5D96004F1913 /* SDWebImagePrefetcher.m in Sources */ = {isa = PBXBuildFile; fileRef = 44BC62811CEC5D96004F1913 /* SDWebImagePrefetcher.m */; };
		44BC62961CEC5D96004F1913 /* UIButton+WebCache.m in Sources */ = {isa = PBXBuildFile; fileRef = 44BC62831CEC5D96004F1913 /* UIButton+WebCache.m */; };
		44BC62971CEC5D96004F1913 /* UIImage+GIF.m in Sources */ = {isa = PBXBuildFile; fileRef = 44BC62851CEC5D96004F1913 /* UIImage+GIF.m */; };
		44BC62981CEC5D96004F1913 /* UIImage+MultiFormat.m in Sources */ = {isa = PBXBuildFile; fileRef = 44BC62871CEC5D96004F1913 /* UIImage+MultiFormat.m */; };
		44BC62991CEC5D96004F1913 /* UIImageView+HighlightedWebCache.m in Sources */ = {isa = PBXBuildFile; fileRef = 44BC62891CEC5D96004F1913 /* UIImageView+HighlightedWebCache.m */; };
		44BC629A1CEC5D96004F1913 /* UIImageView+WebCache.m in Sources */ = {isa = PBXBuildFile; fileRef = 44BC628B1CEC5D96004F1913 /* UIImageView+WebCache.m */; };
		44BC629B1CEC5D96004F1913 /* UIView+WebCacheOperation.m in Sources */ = {isa = PBXBuildFile; fileRef = 44BC628D1CEC5D96004F1913 /* UIView+WebCacheOperation.m */; };
		44BC629E1CEC6A2D004F1913 /* app_JSON in Resources */ = {isa = PBXBuildFile; fileRef = 44BC629D1CEC6A2D004F1913 /* app_JSON */; };
		44F61F121CE7011000850B6E /* SegmentView.swift in Sources */ = {isa = PBXBuildFile; fileRef = 44F61F111CE7011000850B6E /* SegmentView.swift */; };
		5BFB93E5D221BDFD7C198BCD /* libPods.a in Frameworks */ = {isa = PBXBuildFile; fileRef = F9C514486838D2B33495046B /* libPods.a */; };
		9E15C69A1CECC41D001D6482 /* BaseNavigationController.swift in Sources */ = {isa = PBXBuildFile; fileRef = 9E15C6991CECC41D001D6482 /* BaseNavigationController.swift */; };
		9E15C69C1CECC42A001D6482 /* BaseViewController.swift in Sources */ = {isa = PBXBuildFile; fileRef = 9E15C69B1CECC42A001D6482 /* BaseViewController.swift */; };
		9E15C6CA1CFC810F001D6482 /* LoginViewController.swift in Sources */ = {isa = PBXBuildFile; fileRef = 9E15C6C71CFC810F001D6482 /* LoginViewController.swift */; };
		9E15C6CB1CFC810F001D6482 /* String+Hash.swift in Sources */ = {isa = PBXBuildFile; fileRef = 9E15C6C81CFC810F001D6482 /* String+Hash.swift */; };
		9E15C6CC1CFC810F001D6482 /* String+wnxString.swift in Sources */ = {isa = PBXBuildFile; fileRef = 9E15C6C91CFC810F001D6482 /* String+wnxString.swift */; };
		9E15C6D21CFE6BCB001D6482 /* AVOSCloud.framework in Frameworks */ = {isa = PBXBuildFile; fileRef = 9E15C6CF1CFE6BCB001D6482 /* AVOSCloud.framework */; };
		9E15C6D31CFE6BCB001D6482 /* AVOSCloudCrashReporting.framework in Frameworks */ = {isa = PBXBuildFile; fileRef = 9E15C6D01CFE6BCB001D6482 /* AVOSCloudCrashReporting.framework */; };
		9E15C6D41CFE6BCB001D6482 /* AVOSCloudIM.framework in Frameworks */ = {isa = PBXBuildFile; fileRef = 9E15C6D11CFE6BCB001D6482 /* AVOSCloudIM.framework */; };
		9E15C6D61CFE6C2C001D6482 /* SystemConfiguration.framework in Frameworks */ = {isa = PBXBuildFile; fileRef = 9E15C6D51CFE6C2C001D6482 /* SystemConfiguration.framework */; };
		9E15C6D81CFE6C46001D6482 /* MobileCoreServices.framework in Frameworks */ = {isa = PBXBuildFile; fileRef = 9E15C6D71CFE6C46001D6482 /* MobileCoreServices.framework */; };
		9E15C6DA1CFE6C57001D6482 /* CoreTelephony.framework in Frameworks */ = {isa = PBXBuildFile; fileRef = 9E15C6D91CFE6C57001D6482 /* CoreTelephony.framework */; };
		9E15C6DC1CFE6C63001D6482 /* CoreLocation.framework in Frameworks */ = {isa = PBXBuildFile; fileRef = 9E15C6DB1CFE6C63001D6482 /* CoreLocation.framework */; };
		9E216BB41CC478DB00874A7A /* AppDelegate.swift in Sources */ = {isa = PBXBuildFile; fileRef = 9E216BB31CC478DB00874A7A /* AppDelegate.swift */; };
		9E216BB91CC478DB00874A7A /* Main.storyboard in Resources */ = {isa = PBXBuildFile; fileRef = 9E216BB71CC478DB00874A7A /* Main.storyboard */; };
		9E216BBB1CC478DB00874A7A /* Assets.xcassets in Resources */ = {isa = PBXBuildFile; fileRef = 9E216BBA1CC478DB00874A7A /* Assets.xcassets */; };
		9E216BBE1CC478DB00874A7A /* LaunchScreen.storyboard in Resources */ = {isa = PBXBuildFile; fileRef = 9E216BBC1CC478DB00874A7A /* LaunchScreen.storyboard */; };
		9E216BC71CC48A7A00874A7A /* HomeViewController.swift in Sources */ = {isa = PBXBuildFile; fileRef = 9E216BC61CC48A7A00874A7A /* HomeViewController.swift */; };
		9E216BCD1CC5145200874A7A /* DiscoverViewController.swift in Sources */ = {isa = PBXBuildFile; fileRef = 9E216BCC1CC5145200874A7A /* DiscoverViewController.swift */; };
		9E216BCF1CC516C200874A7A /* MessageCenterViewController.swift in Sources */ = {isa = PBXBuildFile; fileRef = 9E216BCE1CC516C200874A7A /* MessageCenterViewController.swift */; };
		9E216BD11CC5172B00874A7A /* PersonCenterViewController.swift in Sources */ = {isa = PBXBuildFile; fileRef = 9E216BD01CC5172B00874A7A /* PersonCenterViewController.swift */; };
		9E216BD31CC5176F00874A7A /* ReleaseViewController.swift in Sources */ = {isa = PBXBuildFile; fileRef = 9E216BD21CC5176F00874A7A /* ReleaseViewController.swift */; };
		D8C7EE4E1CF178B80080285B /* data.plist in Resources */ = {isa = PBXBuildFile; fileRef = D8C7EE4D1CF178B80080285B /* data.plist */; };
/* End PBXBuildFile section */

/* Begin PBXFileReference section */
		3F273C5800076635CD16B95B /* Pods.release.xcconfig */ = {isa = PBXFileReference; includeInIndex = 1; lastKnownFileType = text.xcconfig; name = Pods.release.xcconfig; path = "Pods/Target Support Files/Pods/Pods.release.xcconfig"; sourceTree = "<group>"; };
		442F14CD1CC8C9D3004CE917 /* config.swift */ = {isa = PBXFileReference; fileEncoding = 4; lastKnownFileType = sourcecode.swift; path = config.swift; sourceTree = "<group>"; };
		442F14D11CC8CE06004CE917 /* UIColor+Hex.h */ = {isa = PBXFileReference; fileEncoding = 4; lastKnownFileType = sourcecode.c.h; path = "UIColor+Hex.h"; sourceTree = "<group>"; };
		442F14D21CC8CE06004CE917 /* UIColor+Hex.m */ = {isa = PBXFileReference; fileEncoding = 4; lastKnownFileType = sourcecode.c.objc; path = "UIColor+Hex.m"; sourceTree = "<group>"; };
		4455832F1CEC5885007F98E3 /* BannerView.swift */ = {isa = PBXFileReference; fileEncoding = 4; lastKnownFileType = sourcecode.swift; path = BannerView.swift; sourceTree = "<group>"; };
		445583321CEC5986007F98E3 /* ProductRecommend.swift */ = {isa = PBXFileReference; fileEncoding = 4; lastKnownFileType = sourcecode.swift; path = ProductRecommend.swift; sourceTree = "<group>"; };
		44BC62711CEC5D96004F1913 /* NSData+ImageContentType.h */ = {isa = PBXFileReference; fileEncoding = 4; lastKnownFileType = sourcecode.c.h; name = "NSData+ImageContentType.h"; path = "SDWebImage/NSData+ImageContentType.h"; sourceTree = "<group>"; };
		44BC62721CEC5D96004F1913 /* NSData+ImageContentType.m */ = {isa = PBXFileReference; fileEncoding = 4; lastKnownFileType = sourcecode.c.objc; name = "NSData+ImageContentType.m"; path = "SDWebImage/NSData+ImageContentType.m"; sourceTree = "<group>"; };
		44BC62731CEC5D96004F1913 /* SDImageCache.h */ = {isa = PBXFileReference; fileEncoding = 4; lastKnownFileType = sourcecode.c.h; name = SDImageCache.h; path = SDWebImage/SDImageCache.h; sourceTree = "<group>"; };
		44BC62741CEC5D96004F1913 /* SDImageCache.m */ = {isa = PBXFileReference; fileEncoding = 4; lastKnownFileType = sourcecode.c.objc; name = SDImageCache.m; path = SDWebImage/SDImageCache.m; sourceTree = "<group>"; };
		44BC62751CEC5D96004F1913 /* SDWebImageCompat.h */ = {isa = PBXFileReference; fileEncoding = 4; lastKnownFileType = sourcecode.c.h; name = SDWebImageCompat.h; path = SDWebImage/SDWebImageCompat.h; sourceTree = "<group>"; };
		44BC62761CEC5D96004F1913 /* SDWebImageCompat.m */ = {isa = PBXFileReference; fileEncoding = 4; lastKnownFileType = sourcecode.c.objc; name = SDWebImageCompat.m; path = SDWebImage/SDWebImageCompat.m; sourceTree = "<group>"; };
		44BC62771CEC5D96004F1913 /* SDWebImageDecoder.h */ = {isa = PBXFileReference; fileEncoding = 4; lastKnownFileType = sourcecode.c.h; name = SDWebImageDecoder.h; path = SDWebImage/SDWebImageDecoder.h; sourceTree = "<group>"; };
		44BC62781CEC5D96004F1913 /* SDWebImageDecoder.m */ = {isa = PBXFileReference; fileEncoding = 4; lastKnownFileType = sourcecode.c.objc; name = SDWebImageDecoder.m; path = SDWebImage/SDWebImageDecoder.m; sourceTree = "<group>"; };
		44BC62791CEC5D96004F1913 /* SDWebImageDownloader.h */ = {isa = PBXFileReference; fileEncoding = 4; lastKnownFileType = sourcecode.c.h; name = SDWebImageDownloader.h; path = SDWebImage/SDWebImageDownloader.h; sourceTree = "<group>"; };
		44BC627A1CEC5D96004F1913 /* SDWebImageDownloader.m */ = {isa = PBXFileReference; fileEncoding = 4; lastKnownFileType = sourcecode.c.objc; name = SDWebImageDownloader.m; path = SDWebImage/SDWebImageDownloader.m; sourceTree = "<group>"; };
		44BC627B1CEC5D96004F1913 /* SDWebImageDownloaderOperation.h */ = {isa = PBXFileReference; fileEncoding = 4; lastKnownFileType = sourcecode.c.h; name = SDWebImageDownloaderOperation.h; path = SDWebImage/SDWebImageDownloaderOperation.h; sourceTree = "<group>"; };
		44BC627C1CEC5D96004F1913 /* SDWebImageDownloaderOperation.m */ = {isa = PBXFileReference; fileEncoding = 4; lastKnownFileType = sourcecode.c.objc; name = SDWebImageDownloaderOperation.m; path = SDWebImage/SDWebImageDownloaderOperation.m; sourceTree = "<group>"; };
		44BC627D1CEC5D96004F1913 /* SDWebImageManager.h */ = {isa = PBXFileReference; fileEncoding = 4; lastKnownFileType = sourcecode.c.h; name = SDWebImageManager.h; path = SDWebImage/SDWebImageManager.h; sourceTree = "<group>"; };
		44BC627E1CEC5D96004F1913 /* SDWebImageManager.m */ = {isa = PBXFileReference; fileEncoding = 4; lastKnownFileType = sourcecode.c.objc; name = SDWebImageManager.m; path = SDWebImage/SDWebImageManager.m; sourceTree = "<group>"; };
		44BC627F1CEC5D96004F1913 /* SDWebImageOperation.h */ = {isa = PBXFileReference; fileEncoding = 4; lastKnownFileType = sourcecode.c.h; name = SDWebImageOperation.h; path = SDWebImage/SDWebImageOperation.h; sourceTree = "<group>"; };
		44BC62801CEC5D96004F1913 /* SDWebImagePrefetcher.h */ = {isa = PBXFileReference; fileEncoding = 4; lastKnownFileType = sourcecode.c.h; name = SDWebImagePrefetcher.h; path = SDWebImage/SDWebImagePrefetcher.h; sourceTree = "<group>"; };
		44BC62811CEC5D96004F1913 /* SDWebImagePrefetcher.m */ = {isa = PBXFileReference; fileEncoding = 4; lastKnownFileType = sourcecode.c.objc; name = SDWebImagePrefetcher.m; path = SDWebImage/SDWebImagePrefetcher.m; sourceTree = "<group>"; };
		44BC62821CEC5D96004F1913 /* UIButton+WebCache.h */ = {isa = PBXFileReference; fileEncoding = 4; lastKnownFileType = sourcecode.c.h; name = "UIButton+WebCache.h"; path = "SDWebImage/UIButton+WebCache.h"; sourceTree = "<group>"; };
		44BC62831CEC5D96004F1913 /* UIButton+WebCache.m */ = {isa = PBXFileReference; fileEncoding = 4; lastKnownFileType = sourcecode.c.objc; name = "UIButton+WebCache.m"; path = "SDWebImage/UIButton+WebCache.m"; sourceTree = "<group>"; };
		44BC62841CEC5D96004F1913 /* UIImage+GIF.h */ = {isa = PBXFileReference; fileEncoding = 4; lastKnownFileType = sourcecode.c.h; name = "UIImage+GIF.h"; path = "SDWebImage/UIImage+GIF.h"; sourceTree = "<group>"; };
		44BC62851CEC5D96004F1913 /* UIImage+GIF.m */ = {isa = PBXFileReference; fileEncoding = 4; lastKnownFileType = sourcecode.c.objc; name = "UIImage+GIF.m"; path = "SDWebImage/UIImage+GIF.m"; sourceTree = "<group>"; };
		44BC62861CEC5D96004F1913 /* UIImage+MultiFormat.h */ = {isa = PBXFileReference; fileEncoding = 4; lastKnownFileType = sourcecode.c.h; name = "UIImage+MultiFormat.h"; path = "SDWebImage/UIImage+MultiFormat.h"; sourceTree = "<group>"; };
		44BC62871CEC5D96004F1913 /* UIImage+MultiFormat.m */ = {isa = PBXFileReference; fileEncoding = 4; lastKnownFileType = sourcecode.c.objc; name = "UIImage+MultiFormat.m"; path = "SDWebImage/UIImage+MultiFormat.m"; sourceTree = "<group>"; };
		44BC62881CEC5D96004F1913 /* UIImageView+HighlightedWebCache.h */ = {isa = PBXFileReference; fileEncoding = 4; lastKnownFileType = sourcecode.c.h; name = "UIImageView+HighlightedWebCache.h"; path = "SDWebImage/UIImageView+HighlightedWebCache.h"; sourceTree = "<group>"; };
		44BC62891CEC5D96004F1913 /* UIImageView+HighlightedWebCache.m */ = {isa = PBXFileReference; fileEncoding = 4; lastKnownFileType = sourcecode.c.objc; name = "UIImageView+HighlightedWebCache.m"; path = "SDWebImage/UIImageView+HighlightedWebCache.m"; sourceTree = "<group>"; };
		44BC628A1CEC5D96004F1913 /* UIImageView+WebCache.h */ = {isa = PBXFileReference; fileEncoding = 4; lastKnownFileType = sourcecode.c.h; name = "UIImageView+WebCache.h"; path = "SDWebImage/UIImageView+WebCache.h"; sourceTree = "<group>"; };
		44BC628B1CEC5D96004F1913 /* UIImageView+WebCache.m */ = {isa = PBXFileReference; fileEncoding = 4; lastKnownFileType = sourcecode.c.objc; name = "UIImageView+WebCache.m"; path = "SDWebImage/UIImageView+WebCache.m"; sourceTree = "<group>"; };
		44BC628C1CEC5D96004F1913 /* UIView+WebCacheOperation.h */ = {isa = PBXFileReference; fileEncoding = 4; lastKnownFileType = sourcecode.c.h; name = "UIView+WebCacheOperation.h"; path = "SDWebImage/UIView+WebCacheOperation.h"; sourceTree = "<group>"; };
		44BC628D1CEC5D96004F1913 /* UIView+WebCacheOperation.m */ = {isa = PBXFileReference; fileEncoding = 4; lastKnownFileType = sourcecode.c.objc; name = "UIView+WebCacheOperation.m"; path = "SDWebImage/UIView+WebCacheOperation.m"; sourceTree = "<group>"; };
		44BC629C1CEC5E8A004F1913 /* playTogether-Bridging-Header.h */ = {isa = PBXFileReference; fileEncoding = 4; lastKnownFileType = sourcecode.c.h; path = "playTogether-Bridging-Header.h"; sourceTree = "<group>"; };
		44BC629D1CEC6A2D004F1913 /* app_JSON */ = {isa = PBXFileReference; fileEncoding = 4; lastKnownFileType = text; path = app_JSON; sourceTree = "<group>"; };
		44F61F111CE7011000850B6E /* SegmentView.swift */ = {isa = PBXFileReference; fileEncoding = 4; lastKnownFileType = sourcecode.swift; path = SegmentView.swift; sourceTree = "<group>"; };
		9E15C6991CECC41D001D6482 /* BaseNavigationController.swift */ = {isa = PBXFileReference; fileEncoding = 4; lastKnownFileType = sourcecode.swift; path = BaseNavigationController.swift; sourceTree = "<group>"; };
		9E15C69B1CECC42A001D6482 /* BaseViewController.swift */ = {isa = PBXFileReference; fileEncoding = 4; lastKnownFileType = sourcecode.swift; path = BaseViewController.swift; sourceTree = "<group>"; };
		9E15C6C71CFC810F001D6482 /* LoginViewController.swift */ = {isa = PBXFileReference; fileEncoding = 4; lastKnownFileType = sourcecode.swift; path = LoginViewController.swift; sourceTree = "<group>"; };
		9E15C6C81CFC810F001D6482 /* String+Hash.swift */ = {isa = PBXFileReference; fileEncoding = 4; lastKnownFileType = sourcecode.swift; path = "String+Hash.swift"; sourceTree = "<group>"; };
		9E15C6C91CFC810F001D6482 /* String+wnxString.swift */ = {isa = PBXFileReference; fileEncoding = 4; lastKnownFileType = sourcecode.swift; path = "String+wnxString.swift"; sourceTree = "<group>"; };
		9E15C6CF1CFE6BCB001D6482 /* AVOSCloud.framework */ = {isa = PBXFileReference; lastKnownFileType = wrapper.framework; path = AVOSCloud.framework; sourceTree = "<group>"; };
		9E15C6D01CFE6BCB001D6482 /* AVOSCloudCrashReporting.framework */ = {isa = PBXFileReference; lastKnownFileType = wrapper.framework; path = AVOSCloudCrashReporting.framework; sourceTree = "<group>"; };
		9E15C6D11CFE6BCB001D6482 /* AVOSCloudIM.framework */ = {isa = PBXFileReference; lastKnownFileType = wrapper.framework; path = AVOSCloudIM.framework; sourceTree = "<group>"; };
		9E15C6D51CFE6C2C001D6482 /* SystemConfiguration.framework */ = {isa = PBXFileReference; lastKnownFileType = wrapper.framework; name = SystemConfiguration.framework; path = System/Library/Frameworks/SystemConfiguration.framework; sourceTree = SDKROOT; };
		9E15C6D71CFE6C46001D6482 /* MobileCoreServices.framework */ = {isa = PBXFileReference; lastKnownFileType = wrapper.framework; name = MobileCoreServices.framework; path = System/Library/Frameworks/MobileCoreServices.framework; sourceTree = SDKROOT; };
		9E15C6D91CFE6C57001D6482 /* CoreTelephony.framework */ = {isa = PBXFileReference; lastKnownFileType = wrapper.framework; name = CoreTelephony.framework; path = System/Library/Frameworks/CoreTelephony.framework; sourceTree = SDKROOT; };
		9E15C6DB1CFE6C63001D6482 /* CoreLocation.framework */ = {isa = PBXFileReference; lastKnownFileType = wrapper.framework; name = CoreLocation.framework; path = System/Library/Frameworks/CoreLocation.framework; sourceTree = SDKROOT; };
		9E216BB01CC478DB00874A7A /* playTogether.app */ = {isa = PBXFileReference; explicitFileType = wrapper.application; includeInIndex = 0; path = playTogether.app; sourceTree = BUILT_PRODUCTS_DIR; };
		9E216BB31CC478DB00874A7A /* AppDelegate.swift */ = {isa = PBXFileReference; lastKnownFileType = sourcecode.swift; path = AppDelegate.swift; sourceTree = "<group>"; };
		9E216BB81CC478DB00874A7A /* Base */ = {isa = PBXFileReference; lastKnownFileType = file.storyboard; name = Base; path = Base.lproj/Main.storyboard; sourceTree = "<group>"; };
		9E216BBA1CC478DB00874A7A /* Assets.xcassets */ = {isa = PBXFileReference; lastKnownFileType = folder.assetcatalog; path = Assets.xcassets; sourceTree = "<group>"; };
		9E216BBD1CC478DB00874A7A /* Base */ = {isa = PBXFileReference; lastKnownFileType = file.storyboard; name = Base; path = Base.lproj/LaunchScreen.storyboard; sourceTree = "<group>"; };
		9E216BBF1CC478DB00874A7A /* Info.plist */ = {isa = PBXFileReference; lastKnownFileType = text.plist.xml; path = Info.plist; sourceTree = "<group>"; };
		9E216BC61CC48A7A00874A7A /* HomeViewController.swift */ = {isa = PBXFileReference; fileEncoding = 4; lastKnownFileType = sourcecode.swift; path = HomeViewController.swift; sourceTree = "<group>"; };
		9E216BCC1CC5145200874A7A /* DiscoverViewController.swift */ = {isa = PBXFileReference; fileEncoding = 4; lastKnownFileType = sourcecode.swift; path = DiscoverViewController.swift; sourceTree = "<group>"; };
		9E216BCE1CC516C200874A7A /* MessageCenterViewController.swift */ = {isa = PBXFileReference; fileEncoding = 4; lastKnownFileType = sourcecode.swift; path = MessageCenterViewController.swift; sourceTree = "<group>"; };
		9E216BD01CC5172B00874A7A /* PersonCenterViewController.swift */ = {isa = PBXFileReference; fileEncoding = 4; lastKnownFileType = sourcecode.swift; path = PersonCenterViewController.swift; sourceTree = "<group>"; };
		9E216BD21CC5176F00874A7A /* ReleaseViewController.swift */ = {isa = PBXFileReference; fileEncoding = 4; lastKnownFileType = sourcecode.swift; path = ReleaseViewController.swift; sourceTree = "<group>"; };
		BC0C92639D45DEC1A03DF9AD /* Pods.debug.xcconfig */ = {isa = PBXFileReference; includeInIndex = 1; lastKnownFileType = text.xcconfig; name = Pods.debug.xcconfig; path = "Pods/Target Support Files/Pods/Pods.debug.xcconfig"; sourceTree = "<group>"; };
		D8C7EE4D1CF178B80080285B /* data.plist */ = {isa = PBXFileReference; fileEncoding = 4; lastKnownFileType = text.plist.xml; path = data.plist; sourceTree = "<group>"; };
		F9C514486838D2B33495046B /* libPods.a */ = {isa = PBXFileReference; explicitFileType = archive.ar; includeInIndex = 0; path = libPods.a; sourceTree = BUILT_PRODUCTS_DIR; };
/* End PBXFileReference section */

/* Begin PBXFrameworksBuildPhase section */
		9E216BAD1CC478DB00874A7A /* Frameworks */ = {
			isa = PBXFrameworksBuildPhase;
			buildActionMask = 2147483647;
			files = (
				9E15C6DC1CFE6C63001D6482 /* CoreLocation.framework in Frameworks */,
				9E15C6DA1CFE6C57001D6482 /* CoreTelephony.framework in Frameworks */,
				9E15C6D81CFE6C46001D6482 /* MobileCoreServices.framework in Frameworks */,
				9E15C6D61CFE6C2C001D6482 /* SystemConfiguration.framework in Frameworks */,
				9E15C6D31CFE6BCB001D6482 /* AVOSCloudCrashReporting.framework in Frameworks */,
				9E15C6D21CFE6BCB001D6482 /* AVOSCloud.framework in Frameworks */,
				9E15C6D41CFE6BCB001D6482 /* AVOSCloudIM.framework in Frameworks */,
				5BFB93E5D221BDFD7C198BCD /* libPods.a in Frameworks */,
			);
			runOnlyForDeploymentPostprocessing = 0;
		};
/* End PBXFrameworksBuildPhase section */

/* Begin PBXGroup section */
		442F14CA1CC8C96D004CE917 /* SupportDoc */ = {
			isa = PBXGroup;
			children = (
				442F14CB1CC8C986004CE917 /* 公共 */,
			);
			name = SupportDoc;
			sourceTree = "<group>";
		};
		442F14CB1CC8C986004CE917 /* 公共 */ = {
			isa = PBXGroup;
			children = (
				9E15C6981CECC3F1001D6482 /* BaseNavigationController */,
				9E15C6971CECC3E5001D6482 /* BaseViewController */,
				44BC629C1CEC5E8A004F1913 /* playTogether-Bridging-Header.h */,
				44BC625B1CEC5D35004F1913 /* SDWebImage */,
				442F14CF1CC8CDF1004CE917 /* CateGory */,
				442F14CC1CC8C9BA004CE917 /* 公共配置 */,
			);
			name = "公共";
			sourceTree = "<group>";
		};
		442F14CC1CC8C9BA004CE917 /* 公共配置 */ = {
			isa = PBXGroup;
			children = (
				44BC629D1CEC6A2D004F1913 /* app_JSON */,
				442F14CD1CC8C9D3004CE917 /* config.swift */,
			);
			name = "公共配置";
			sourceTree = "<group>";
		};
		442F14CF1CC8CDF1004CE917 /* CateGory */ = {
			isa = PBXGroup;
			children = (
				442F14D11CC8CE06004CE917 /* UIColor+Hex.h */,
				442F14D21CC8CE06004CE917 /* UIColor+Hex.m */,
			);
			name = CateGory;
			sourceTree = "<group>";
		};
		4455832E1CEC585E007F98E3 /* VIew */ = {
			isa = PBXGroup;
			children = (
				4455832F1CEC5885007F98E3 /* BannerView.swift */,
			);
			name = VIew;
			sourceTree = "<group>";
		};
		445583311CEC5915007F98E3 /* Model */ = {
			isa = PBXGroup;
			children = (
				445583321CEC5986007F98E3 /* ProductRecommend.swift */,
			);
			name = Model;
			sourceTree = "<group>";
		};
		44BC625B1CEC5D35004F1913 /* SDWebImage */ = {
			isa = PBXGroup;
			children = (
				44BC62711CEC5D96004F1913 /* NSData+ImageContentType.h */,
				44BC62721CEC5D96004F1913 /* NSData+ImageContentType.m */,
				44BC62731CEC5D96004F1913 /* SDImageCache.h */,
				44BC62741CEC5D96004F1913 /* SDImageCache.m */,
				44BC62751CEC5D96004F1913 /* SDWebImageCompat.h */,
				44BC62761CEC5D96004F1913 /* SDWebImageCompat.m */,
				44BC62771CEC5D96004F1913 /* SDWebImageDecoder.h */,
				44BC62781CEC5D96004F1913 /* SDWebImageDecoder.m */,
				44BC62791CEC5D96004F1913 /* SDWebImageDownloader.h */,
				44BC627A1CEC5D96004F1913 /* SDWebImageDownloader.m */,
				44BC627B1CEC5D96004F1913 /* SDWebImageDownloaderOperation.h */,
				44BC627C1CEC5D96004F1913 /* SDWebImageDownloaderOperation.m */,
				44BC627D1CEC5D96004F1913 /* SDWebImageManager.h */,
				44BC627E1CEC5D96004F1913 /* SDWebImageManager.m */,
				44BC627F1CEC5D96004F1913 /* SDWebImageOperation.h */,
				44BC62801CEC5D96004F1913 /* SDWebImagePrefetcher.h */,
				44BC62811CEC5D96004F1913 /* SDWebImagePrefetcher.m */,
				44BC62821CEC5D96004F1913 /* UIButton+WebCache.h */,
				44BC62831CEC5D96004F1913 /* UIButton+WebCache.m */,
				44BC62841CEC5D96004F1913 /* UIImage+GIF.h */,
				44BC62851CEC5D96004F1913 /* UIImage+GIF.m */,
				44BC62861CEC5D96004F1913 /* UIImage+MultiFormat.h */,
				44BC62871CEC5D96004F1913 /* UIImage+MultiFormat.m */,
				44BC62881CEC5D96004F1913 /* UIImageView+HighlightedWebCache.h */,
				44BC62891CEC5D96004F1913 /* UIImageView+HighlightedWebCache.m */,
				44BC628A1CEC5D96004F1913 /* UIImageView+WebCache.h */,
				44BC628B1CEC5D96004F1913 /* UIImageView+WebCache.m */,
				44BC628C1CEC5D96004F1913 /* UIView+WebCacheOperation.h */,
				44BC628D1CEC5D96004F1913 /* UIView+WebCacheOperation.m */,
			);
			name = SDWebImage;
			sourceTree = "<group>";
		};
		7E2337CFC09DF30FC1A52BF3 /* Pods */ = {
			isa = PBXGroup;
			children = (
				BC0C92639D45DEC1A03DF9AD /* Pods.debug.xcconfig */,
				3F273C5800076635CD16B95B /* Pods.release.xcconfig */,
			);
			name = Pods;
			sourceTree = "<group>";
		};
		9E15C6971CECC3E5001D6482 /* BaseViewController */ = {
			isa = PBXGroup;
			children = (
				9E15C69B1CECC42A001D6482 /* BaseViewController.swift */,
			);
			name = BaseViewController;
			sourceTree = "<group>";
		};
		9E15C6981CECC3F1001D6482 /* BaseNavigationController */ = {
			isa = PBXGroup;
			children = (
				9E15C6991CECC41D001D6482 /* BaseNavigationController.swift */,
			);
			name = BaseNavigationController;
			sourceTree = "<group>";
		};
		9E15C6C61CFC80E8001D6482 /* 登录 */ = {
			isa = PBXGroup;
			children = (
				9E15C6C71CFC810F001D6482 /* LoginViewController.swift */,
				9E15C6C81CFC810F001D6482 /* String+Hash.swift */,
				9E15C6C91CFC810F001D6482 /* String+wnxString.swift */,
			);
			name = "登录";
			sourceTree = "<group>";
		};
		9E15C6CD1CFE6B63001D6482 /* Frameworks */ = {
			isa = PBXGroup;
			children = (
				9E15C6DB1CFE6C63001D6482 /* CoreLocation.framework */,
				9E15C6D91CFE6C57001D6482 /* CoreTelephony.framework */,
				9E15C6D71CFE6C46001D6482 /* MobileCoreServices.framework */,
				9E15C6D51CFE6C2C001D6482 /* SystemConfiguration.framework */,
				9E15C6CE1CFE6BCB001D6482 /* AVOSCloud */,
				F9C514486838D2B33495046B /* libPods.a */,
			);
			name = Frameworks;
			sourceTree = "<group>";
		};
		9E15C6CE1CFE6BCB001D6482 /* AVOSCloud */ = {
			isa = PBXGroup;
			children = (
				9E15C6CF1CFE6BCB001D6482 /* AVOSCloud.framework */,
				9E15C6D01CFE6BCB001D6482 /* AVOSCloudCrashReporting.framework */,
				9E15C6D11CFE6BCB001D6482 /* AVOSCloudIM.framework */,
			);
			path = AVOSCloud;
			sourceTree = "<group>";
		};
		9E216BA71CC478DB00874A7A = {
			isa = PBXGroup;
			children = (
				9E216BB21CC478DB00874A7A /* playTogether */,
				9E216BB11CC478DB00874A7A /* Products */,
				9E15C6CD1CFE6B63001D6482 /* Frameworks */,
				7E2337CFC09DF30FC1A52BF3 /* Pods */,
			);
			sourceTree = "<group>";
		};
		9E216BB11CC478DB00874A7A /* Products */ = {
			isa = PBXGroup;
			children = (
				9E216BB01CC478DB00874A7A /* playTogether.app */,
			);
			name = Products;
			sourceTree = "<group>";
		};
		9E216BB21CC478DB00874A7A /* playTogether */ = {
			isa = PBXGroup;
			children = (
				9E15C6C61CFC80E8001D6482 /* 登录 */,
				9E216BB31CC478DB00874A7A /* AppDelegate.swift */,
				9E216BC51CC48A2100874A7A /* 首页 */,
				9E216BCB1CC512CF00874A7A /* 发现 */,
				9E216BC91CC5114300874A7A /* 发布 */,
				9E216BCA1CC5115600874A7A /* 个人中心 */,
				9E216BC81CC5112B00874A7A /* 消息 */,
				442F14CA1CC8C96D004CE917 /* SupportDoc */,
				9E216BB71CC478DB00874A7A /* Main.storyboard */,
				9E216BBA1CC478DB00874A7A /* Assets.xcassets */,
				9E216BBC1CC478DB00874A7A /* LaunchScreen.storyboard */,
				9E216BBF1CC478DB00874A7A /* Info.plist */,
			);
			path = playTogether;
			sourceTree = "<group>";
		};
		9E216BC51CC48A2100874A7A /* 首页 */ = {
			isa = PBXGroup;
			children = (
				445583311CEC5915007F98E3 /* Model */,
				4455832E1CEC585E007F98E3 /* VIew */,
				9E216BC61CC48A7A00874A7A /* HomeViewController.swift */,
				44F61F111CE7011000850B6E /* SegmentView.swift */,
			);
			name = "首页";
			sourceTree = "<group>";
		};
		9E216BC81CC5112B00874A7A /* 消息 */ = {
			isa = PBXGroup;
			children = (
				9E216BCE1CC516C200874A7A /* MessageCenterViewController.swift */,
			);
			name = "消息";
			sourceTree = "<group>";
		};
		9E216BC91CC5114300874A7A /* 发布 */ = {
			isa = PBXGroup;
			children = (
				9E216BD21CC5176F00874A7A /* ReleaseViewController.swift */,
			);
			name = "发布";
			sourceTree = "<group>";
		};
		9E216BCA1CC5115600874A7A /* 个人中心 */ = {
			isa = PBXGroup;
			children = (
				D8C7EE4D1CF178B80080285B /* data.plist */,
				9E216BD01CC5172B00874A7A /* PersonCenterViewController.swift */,
			);
			name = "个人中心";
			sourceTree = "<group>";
		};
		9E216BCB1CC512CF00874A7A /* 发现 */ = {
			isa = PBXGroup;
			children = (
				9E216BCC1CC5145200874A7A /* DiscoverViewController.swift */,
			);
			name = "发现";
			sourceTree = "<group>";
		};
/* End PBXGroup section */

/* Begin PBXNativeTarget section */
		9E216BAF1CC478DB00874A7A /* playTogether */ = {
			isa = PBXNativeTarget;
			buildConfigurationList = 9E216BC21CC478DB00874A7A /* Build configuration list for PBXNativeTarget "playTogether" */;
			buildPhases = (
				C06DE9FF83E6DBF65E9DF20F /* Check Pods Manifest.lock */,
				9E216BAC1CC478DB00874A7A /* Sources */,
				9E216BAD1CC478DB00874A7A /* Frameworks */,
				9E216BAE1CC478DB00874A7A /* Resources */,
				4F026FDCEBCD3A0245EF69E6 /* Embed Pods Frameworks */,
				BC5FC0116B211B9E8C975D84 /* Copy Pods Resources */,
			);
			buildRules = (
			);
			dependencies = (
			);
			name = playTogether;
			productName = playTogether;
			productReference = 9E216BB01CC478DB00874A7A /* playTogether.app */;
			productType = "com.apple.product-type.application";
		};
/* End PBXNativeTarget section */

/* Begin PBXProject section */
		9E216BA81CC478DB00874A7A /* Project object */ = {
			isa = PBXProject;
			attributes = {
				LastSwiftUpdateCheck = 0730;
				LastUpgradeCheck = 0730;
				ORGANIZATIONNAME = "马腾";
				TargetAttributes = {
					9E216BAF1CC478DB00874A7A = {
						CreatedOnToolsVersion = 7.3;
					};
				};
			};
			buildConfigurationList = 9E216BAB1CC478DB00874A7A /* Build configuration list for PBXProject "playTogether" */;
			compatibilityVersion = "Xcode 3.2";
			developmentRegion = English;
			hasScannedForEncodings = 0;
			knownRegions = (
				en,
				Base,
			);
			mainGroup = 9E216BA71CC478DB00874A7A;
			productRefGroup = 9E216BB11CC478DB00874A7A /* Products */;
			projectDirPath = "";
			projectRoot = "";
			targets = (
				9E216BAF1CC478DB00874A7A /* playTogether */,
			);
		};
/* End PBXProject section */

/* Begin PBXResourcesBuildPhase section */
		9E216BAE1CC478DB00874A7A /* Resources */ = {
			isa = PBXResourcesBuildPhase;
			buildActionMask = 2147483647;
			files = (
				9E216BBE1CC478DB00874A7A /* LaunchScreen.storyboard in Resources */,
				9E216BBB1CC478DB00874A7A /* Assets.xcassets in Resources */,
				44BC629E1CEC6A2D004F1913 /* app_JSON in Resources */,
				D8C7EE4E1CF178B80080285B /* data.plist in Resources */,
				9E216BB91CC478DB00874A7A /* Main.storyboard in Resources */,
			);
			runOnlyForDeploymentPostprocessing = 0;
		};
/* End PBXResourcesBuildPhase section */

/* Begin PBXShellScriptBuildPhase section */
		4F026FDCEBCD3A0245EF69E6 /* Embed Pods Frameworks */ = {
			isa = PBXShellScriptBuildPhase;
			buildActionMask = 2147483647;
			files = (
			);
			inputPaths = (
			);
			name = "Embed Pods Frameworks";
			outputPaths = (
			);
			runOnlyForDeploymentPostprocessing = 0;
			shellPath = /bin/sh;
			shellScript = "\"${SRCROOT}/Pods/Target Support Files/Pods/Pods-frameworks.sh\"\n";
			showEnvVarsInLog = 0;
		};
		BC5FC0116B211B9E8C975D84 /* Copy Pods Resources */ = {
			isa = PBXShellScriptBuildPhase;
			buildActionMask = 2147483647;
			files = (
			);
			inputPaths = (
			);
			name = "Copy Pods Resources";
			outputPaths = (
			);
			runOnlyForDeploymentPostprocessing = 0;
			shellPath = /bin/sh;
			shellScript = "\"${SRCROOT}/Pods/Target Support Files/Pods/Pods-resources.sh\"\n";
			showEnvVarsInLog = 0;
		};
		C06DE9FF83E6DBF65E9DF20F /* Check Pods Manifest.lock */ = {
			isa = PBXShellScriptBuildPhase;
			buildActionMask = 2147483647;
			files = (
			);
			inputPaths = (
			);
			name = "Check Pods Manifest.lock";
			outputPaths = (
			);
			runOnlyForDeploymentPostprocessing = 0;
			shellPath = /bin/sh;
			shellScript = "diff \"${PODS_ROOT}/../Podfile.lock\" \"${PODS_ROOT}/Manifest.lock\" > /dev/null\nif [[ $? != 0 ]] ; then\n    cat << EOM\nerror: The sandbox is not in sync with the Podfile.lock. Run 'pod install' or update your CocoaPods installation.\nEOM\n    exit 1\nfi\n";
			showEnvVarsInLog = 0;
		};
/* End PBXShellScriptBuildPhase section */

/* Begin PBXSourcesBuildPhase section */
		9E216BAC1CC478DB00874A7A /* Sources */ = {
			isa = PBXSourcesBuildPhase;
			buildActionMask = 2147483647;
			files = (
				9E15C6CA1CFC810F001D6482 /* LoginViewController.swift in Sources */,
				44BC62971CEC5D96004F1913 /* UIImage+GIF.m in Sources */,
				44BC62951CEC5D96004F1913 /* SDWebImagePrefetcher.m in Sources */,
				442F14D31CC8CE06004CE917 /* UIColor+Hex.m in Sources */,
				9E216BD31CC5176F00874A7A /* ReleaseViewController.swift in Sources */,
				9E15C69C1CECC42A001D6482 /* BaseViewController.swift in Sources */,
				44BC628E1CEC5D96004F1913 /* NSData+ImageContentType.m in Sources */,
				9E216BCD1CC5145200874A7A /* DiscoverViewController.swift in Sources */,
				44BC629A1CEC5D96004F1913 /* UIImageView+WebCache.m in Sources */,
				9E216BB41CC478DB00874A7A /* AppDelegate.swift in Sources */,
				44BC62961CEC5D96004F1913 /* UIButton+WebCache.m in Sources */,
				44BC62931CEC5D96004F1913 /* SDWebImageDownloaderOperation.m in Sources */,
				9E216BC71CC48A7A00874A7A /* HomeViewController.swift in Sources */,
				44BC62901CEC5D96004F1913 /* SDWebImageCompat.m in Sources */,
				442F14CE1CC8C9D3004CE917 /* config.swift in Sources */,
				44BC629B1CEC5D96004F1913 /* UIView+WebCacheOperation.m in Sources */,
				44BC62981CEC5D96004F1913 /* UIImage+MultiFormat.m in Sources */,
				9E216BD11CC5172B00874A7A /* PersonCenterViewController.swift in Sources */,
				445583331CEC5986007F98E3 /* ProductRecommend.swift in Sources */,
				445583301CEC5885007F98E3 /* BannerView.swift in Sources */,
				44BC62921CEC5D96004F1913 /* SDWebImageDownloader.m in Sources */,
				9E15C6CC1CFC810F001D6482 /* String+wnxString.swift in Sources */,
				44BC62991CEC5D96004F1913 /* UIImageView+HighlightedWebCache.m in Sources */,
				44BC62911CEC5D96004F1913 /* SDWebImageDecoder.m in Sources */,
				44BC62941CEC5D96004F1913 /* SDWebImageManager.m in Sources */,
				9E15C69A1CECC41D001D6482 /* BaseNavigationController.swift in Sources */,
				44F61F121CE7011000850B6E /* SegmentView.swift in Sources */,
				9E15C6CB1CFC810F001D6482 /* String+Hash.swift in Sources */,
				9E216BCF1CC516C200874A7A /* MessageCenterViewController.swift in Sources */,
				44BC628F1CEC5D96004F1913 /* SDImageCache.m in Sources */,
			);
			runOnlyForDeploymentPostprocessing = 0;
		};
/* End PBXSourcesBuildPhase section */

/* Begin PBXVariantGroup section */
		9E216BB71CC478DB00874A7A /* Main.storyboard */ = {
			isa = PBXVariantGroup;
			children = (
				9E216BB81CC478DB00874A7A /* Base */,
			);
			name = Main.storyboard;
			sourceTree = "<group>";
		};
		9E216BBC1CC478DB00874A7A /* LaunchScreen.storyboard */ = {
			isa = PBXVariantGroup;
			children = (
				9E216BBD1CC478DB00874A7A /* Base */,
			);
			name = LaunchScreen.storyboard;
			sourceTree = "<group>";
		};
/* End PBXVariantGroup section */

/* Begin XCBuildConfiguration section */
		9E216BC01CC478DB00874A7A /* Debug */ = {
			isa = XCBuildConfiguration;
			buildSettings = {
				ALWAYS_SEARCH_USER_PATHS = NO;
				CLANG_ANALYZER_NONNULL = YES;
				CLANG_CXX_LANGUAGE_STANDARD = "gnu++0x";
				CLANG_CXX_LIBRARY = "libc++";
				CLANG_ENABLE_MODULES = YES;
				CLANG_ENABLE_OBJC_ARC = YES;
				CLANG_WARN_BOOL_CONVERSION = YES;
				CLANG_WARN_CONSTANT_CONVERSION = YES;
				CLANG_WARN_DIRECT_OBJC_ISA_USAGE = YES_ERROR;
				CLANG_WARN_EMPTY_BODY = YES;
				CLANG_WARN_ENUM_CONVERSION = YES;
				CLANG_WARN_INT_CONVERSION = YES;
				CLANG_WARN_OBJC_ROOT_CLASS = YES_ERROR;
				CLANG_WARN_UNREACHABLE_CODE = YES;
				CLANG_WARN__DUPLICATE_METHOD_MATCH = YES;
				"CODE_SIGN_IDENTITY[sdk=iphoneos*]" = "iPhone Developer";
				COPY_PHASE_STRIP = NO;
				DEBUG_INFORMATION_FORMAT = dwarf;
				ENABLE_STRICT_OBJC_MSGSEND = YES;
				ENABLE_TESTABILITY = YES;
				GCC_C_LANGUAGE_STANDARD = gnu99;
				GCC_DYNAMIC_NO_PIC = NO;
				GCC_NO_COMMON_BLOCKS = YES;
				GCC_OPTIMIZATION_LEVEL = 0;
				GCC_PREPROCESSOR_DEFINITIONS = (
					"DEBUG=1",
					"$(inherited)",
				);
				GCC_WARN_64_TO_32_BIT_CONVERSION = YES;
				GCC_WARN_ABOUT_RETURN_TYPE = YES_ERROR;
				GCC_WARN_UNDECLARED_SELECTOR = YES;
				GCC_WARN_UNINITIALIZED_AUTOS = YES_AGGRESSIVE;
				GCC_WARN_UNUSED_FUNCTION = YES;
				GCC_WARN_UNUSED_VARIABLE = YES;
				IPHONEOS_DEPLOYMENT_TARGET = 9.3;
				MTL_ENABLE_DEBUG_INFO = YES;
				ONLY_ACTIVE_ARCH = YES;
				SDKROOT = iphoneos;
				SWIFT_OPTIMIZATION_LEVEL = "-Onone";
			};
			name = Debug;
		};
		9E216BC11CC478DB00874A7A /* Release */ = {
			isa = XCBuildConfiguration;
			buildSettings = {
				ALWAYS_SEARCH_USER_PATHS = NO;
				CLANG_ANALYZER_NONNULL = YES;
				CLANG_CXX_LANGUAGE_STANDARD = "gnu++0x";
				CLANG_CXX_LIBRARY = "libc++";
				CLANG_ENABLE_MODULES = YES;
				CLANG_ENABLE_OBJC_ARC = YES;
				CLANG_WARN_BOOL_CONVERSION = YES;
				CLANG_WARN_CONSTANT_CONVERSION = YES;
				CLANG_WARN_DIRECT_OBJC_ISA_USAGE = YES_ERROR;
				CLANG_WARN_EMPTY_BODY = YES;
				CLANG_WARN_ENUM_CONVERSION = YES;
				CLANG_WARN_INT_CONVERSION = YES;
				CLANG_WARN_OBJC_ROOT_CLASS = YES_ERROR;
				CLANG_WARN_UNREACHABLE_CODE = YES;
				CLANG_WARN__DUPLICATE_METHOD_MATCH = YES;
				"CODE_SIGN_IDENTITY[sdk=iphoneos*]" = "iPhone Developer";
				COPY_PHASE_STRIP = NO;
				DEBUG_INFORMATION_FORMAT = "dwarf-with-dsym";
				ENABLE_NS_ASSERTIONS = NO;
				ENABLE_STRICT_OBJC_MSGSEND = YES;
				GCC_C_LANGUAGE_STANDARD = gnu99;
				GCC_NO_COMMON_BLOCKS = YES;
				GCC_WARN_64_TO_32_BIT_CONVERSION = YES;
				GCC_WARN_ABOUT_RETURN_TYPE = YES_ERROR;
				GCC_WARN_UNDECLARED_SELECTOR = YES;
				GCC_WARN_UNINITIALIZED_AUTOS = YES_AGGRESSIVE;
				GCC_WARN_UNUSED_FUNCTION = YES;
				GCC_WARN_UNUSED_VARIABLE = YES;
				IPHONEOS_DEPLOYMENT_TARGET = 9.3;
				MTL_ENABLE_DEBUG_INFO = NO;
				SDKROOT = iphoneos;
				VALIDATE_PRODUCT = YES;
			};
			name = Release;
		};
		9E216BC31CC478DB00874A7A /* Debug */ = {
			isa = XCBuildConfiguration;
			baseConfigurationReference = BC0C92639D45DEC1A03DF9AD /* Pods.debug.xcconfig */;
			buildSettings = {
				ASSETCATALOG_COMPILER_APPICON_NAME = AppIcon;
				CLANG_ENABLE_MODULES = YES;
				FRAMEWORK_SEARCH_PATHS = (
					"$(inherited)",
					"$(PROJECT_DIR)/AVOSCloud",
				);
				INFOPLIST_FILE = playTogether/Info.plist;
				LD_RUNPATH_SEARCH_PATHS = "$(inherited) @executable_path/Frameworks";
				OTHER_LDFLAGS = (
					"-lz",
					"-licucore",
					"-ObjC",
					"-lc++",
					"-lsqlite3",
				);
				PRODUCT_BUNDLE_IDENTIFIER = com.mt.swift.playTogether;
				PRODUCT_NAME = "$(TARGET_NAME)";
				SWIFT_OBJC_BRIDGING_HEADER = "playTogether/playTogether-Bridging-Header.h";
				SWIFT_OPTIMIZATION_LEVEL = "-Onone";
			};
			name = Debug;
		};
		9E216BC41CC478DB00874A7A /* Release */ = {
			isa = XCBuildConfiguration;
			baseConfigurationReference = 3F273C5800076635CD16B95B /* Pods.release.xcconfig */;
			buildSettings = {
				ASSETCATALOG_COMPILER_APPICON_NAME = AppIcon;
				CLANG_ENABLE_MODULES = YES;
				FRAMEWORK_SEARCH_PATHS = (
					"$(inherited)",
					"$(PROJECT_DIR)/AVOSCloud",
				);
				INFOPLIST_FILE = playTogether/Info.plist;
				LD_RUNPATH_SEARCH_PATHS = "$(inherited) @executable_path/Frameworks";
				OTHER_LDFLAGS = (
					"-lz",
					"-licucore",
					"-ObjC",
					"-lc++",
					"-lsqlite3",
				);
				PRODUCT_BUNDLE_IDENTIFIER = com.mt.swift.playTogether;
				PRODUCT_NAME = "$(TARGET_NAME)";
				SWIFT_OBJC_BRIDGING_HEADER = "playTogether/playTogether-Bridging-Header.h";
			};
			name = Release;
		};
/* End XCBuildConfiguration section */

/* Begin XCConfigurationList section */
		9E216BAB1CC478DB00874A7A /* Build configuration list for PBXProject "playTogether" */ = {
			isa = XCConfigurationList;
			buildConfigurations = (
				9E216BC01CC478DB00874A7A /* Debug */,
				9E216BC11CC478DB00874A7A /* Release */,
			);
			defaultConfigurationIsVisible = 0;
			defaultConfigurationName = Release;
		};
		9E216BC21CC478DB00874A7A /* Build configuration list for PBXNativeTarget "playTogether" */ = {
			isa = XCConfigurationList;
			buildConfigurations = (
				9E216BC31CC478DB00874A7A /* Debug */,
				9E216BC41CC478DB00874A7A /* Release */,
			);
			defaultConfigurationIsVisible = 0;
			defaultConfigurationName = Release;
		};
/* End XCConfigurationList section */
	};
	rootObject = 9E216BA81CC478DB00874A7A /* Project object */;
}
